// !$*UTF8*$!
{
	archiveVersion = 1;
	classes = {
	};
	objectVersion = 55;
	objects = {

/* Begin PBXBuildFile section */
		1A0099432B22916200A7A45E /* PrivacyInfo.xcprivacy in Resources */ = {isa = PBXBuildFile; fileRef = 1A0099422B22916200A7A45E /* PrivacyInfo.xcprivacy */; };
		1A032CFE287A24F9007DA587 /* SearchMetricsView.swift in Sources */ = {isa = PBXBuildFile; fileRef = 1A032CFD287A24F9007DA587 /* SearchMetricsView.swift */; };
		1A134E2E2B1A6B5A009478B1 /* RelevanceTests.swift in Sources */ = {isa = PBXBuildFile; fileRef = 1A134E2D2B1A6B5A009478B1 /* RelevanceTests.swift */; };
		1A13C4C92B0BE3B1007D20AD /* SPISearchAPI.swift in Sources */ = {isa = PBXBuildFile; fileRef = 1A13C4C82B0BE3B1007D20AD /* SPISearchAPI.swift */; };
		1A1650442870F98F00AC4DB2 /* SPISearchApp.swift in Sources */ = {isa = PBXBuildFile; fileRef = 1A1650432870F98F00AC4DB2 /* SPISearchApp.swift */; };
		1A1650482870F99000AC4DB2 /* Assets.xcassets in Resources */ = {isa = PBXBuildFile; fileRef = 1A1650472870F99000AC4DB2 /* Assets.xcassets */; };
		1A16504C2870F99000AC4DB2 /* Preview Assets.xcassets in Resources */ = {isa = PBXBuildFile; fileRef = 1A16504B2870F99000AC4DB2 /* Preview Assets.xcassets */; };
		1A1650542870F9B700AC4DB2 /* SwiftSoup in Frameworks */ = {isa = PBXBuildFile; productRef = 1A1650532870F9B700AC4DB2 /* SwiftSoup */; };
		1A1CBC9528734A7A0033EE43 /* Documentation.docc in Sources */ = {isa = PBXBuildFile; fileRef = 1A1CBC9428734A7A0033EE43 /* Documentation.docc */; };
		1A1FADF028737BFF0037D674 /* RankResultsView.swift in Sources */ = {isa = PBXBuildFile; fileRef = 1A1FADEF28737BFF0037D674 /* RankResultsView.swift */; };
		1A2B94F02B195BE9005B92E1 /* SwiftPackageIndexAPI+ImportedModels.swift in Sources */ = {isa = PBXBuildFile; fileRef = 1A2B94E92B195BE8005B92E1 /* SwiftPackageIndexAPI+ImportedModels.swift */; };
		1A2B94F22B195BE9005B92E1 /* SwiftPackageIndexAPI.swift in Sources */ = {isa = PBXBuildFile; fileRef = 1A2B94EB2B195BE8005B92E1 /* SwiftPackageIndexAPI.swift */; };
		1A2B94F42B195BE9005B92E1 /* SwiftPackageIndexAPI+Package.swift in Sources */ = {isa = PBXBuildFile; fileRef = 1A2B94ED2B195BE9005B92E1 /* SwiftPackageIndexAPI+Package.swift */; };
		1A2B94F52B195BE9005B92E1 /* SwiftPackageIndexAPI+PackageId.swift in Sources */ = {isa = PBXBuildFile; fileRef = 1A2B94EE2B195BE9005B92E1 /* SwiftPackageIndexAPI+PackageId.swift */; };
		1A2B94F92B195C94005B92E1 /* Collections in Frameworks */ = {isa = PBXBuildFile; productRef = 1A2B94F82B195C94005B92E1 /* Collections */; };
		1A2B94FB2B195C94005B92E1 /* DequeModule in Frameworks */ = {isa = PBXBuildFile; productRef = 1A2B94FA2B195C94005B92E1 /* DequeModule */; };
		1A2DF7F728789E580070841E /* bezier_query_8jul22.txt in Resources */ = {isa = PBXBuildFile; fileRef = 1A2DF7F628789E580070841E /* bezier_query_8jul22.txt */; };
		1A372C94287C61A30020CFAC /* ReportSearchRank.swift in Sources */ = {isa = PBXBuildFile; fileRef = 1A372C93287C61A30020CFAC /* ReportSearchRank.swift */; };
		1A372C9A287C62070020CFAC /* ArgumentParser in Frameworks */ = {isa = PBXBuildFile; productRef = 1A372C99287C62070020CFAC /* ArgumentParser */; };
		1A372C9C287C63C50020CFAC /* SearchRankDocument.swift in Sources */ = {isa = PBXBuildFile; fileRef = 1A7850002873380B00AFB33F /* SearchRankDocument.swift */; };
		1A372C9D287C63C50020CFAC /* Relevance.swift in Sources */ = {isa = PBXBuildFile; fileRef = 1A7FD6AA2873797E008C76AB /* Relevance.swift */; };
		1A372C9E287C63C50020CFAC /* SearchMetrics.swift in Sources */ = {isa = PBXBuildFile; fileRef = 1A6A29C728762B6C0096F600 /* SearchMetrics.swift */; };
		1A372C9F287C63C50020CFAC /* SearchRank.swift in Sources */ = {isa = PBXBuildFile; fileRef = 1A78500228733B5500AFB33F /* SearchRank.swift */; };
		1A372CA0287C63C60020CFAC /* ComputedRelevancyValues.swift in Sources */ = {isa = PBXBuildFile; fileRef = 1A562F6D2878C681006B29A8 /* ComputedRelevancyValues.swift */; };
		1A372CA1287C63E30020CFAC /* SPISearchParser.swift in Sources */ = {isa = PBXBuildFile; fileRef = 1AC90C4E2871FB5600254B83 /* SPISearchParser.swift */; };
		1A372CA3287C63F70020CFAC /* SwiftSoup in Frameworks */ = {isa = PBXBuildFile; productRef = 1A372CA2287C63F70020CFAC /* SwiftSoup */; };
		1A39750B2B1E9182009F9FF7 /* ReviewSet.swift in Sources */ = {isa = PBXBuildFile; fileRef = 1A39750A2B1E9182009F9FF7 /* ReviewSet.swift */; };
		1A39750D2B1E91C0009F9FF7 /* oldstuff.swift in Sources */ = {isa = PBXBuildFile; fileRef = 1A39750C2B1E91C0009F9FF7 /* oldstuff.swift */; };
		1A45D916287634650077EC9E /* SearchMetricsTests.swift in Sources */ = {isa = PBXBuildFile; fileRef = 1A45D915287634650077EC9E /* SearchMetricsTests.swift */; };
		1A562F6E2878C681006B29A8 /* ComputedRelevancyValues.swift in Sources */ = {isa = PBXBuildFile; fileRef = 1A562F6D2878C681006B29A8 /* ComputedRelevancyValues.swift */; };
		1A624BB92876620A00312840 /* RelevanceSetSummaryView.swift in Sources */ = {isa = PBXBuildFile; fileRef = 1A624BB82876620A00312840 /* RelevanceSetSummaryView.swift */; };
		1A6A29C828762B6D0096F600 /* SearchMetrics.swift in Sources */ = {isa = PBXBuildFile; fileRef = 1A6A29C728762B6C0096F600 /* SearchMetrics.swift */; };
		1A6E759A2B1FDA64004A1A17 /* CaptureSearches.swift in Sources */ = {isa = PBXBuildFile; fileRef = 1A6E75992B1FDA64004A1A17 /* CaptureSearches.swift */; };
		1A6E759F2B1FDAA2004A1A17 /* ArgumentParser in Frameworks */ = {isa = PBXBuildFile; productRef = 1A6E759E2B1FDAA2004A1A17 /* ArgumentParser */; };
		1A6E75A12B1FDAB8004A1A17 /* SPISearchResult in Frameworks */ = {isa = PBXBuildFile; productRef = 1A6E75A02B1FDAB8004A1A17 /* SPISearchResult */; };
		1A6E75A22B1FDB45004A1A17 /* SPISearchAPI.swift in Sources */ = {isa = PBXBuildFile; fileRef = 1A13C4C82B0BE3B1007D20AD /* SPISearchAPI.swift */; };
		1A6E75A32B1FDB4E004A1A17 /* SwiftPackageIndexAPI.swift in Sources */ = {isa = PBXBuildFile; fileRef = 1A2B94EB2B195BE8005B92E1 /* SwiftPackageIndexAPI.swift */; };
		1A6E75A42B1FDB4E004A1A17 /* SwiftPackageIndexAPI+ImportedModels.swift in Sources */ = {isa = PBXBuildFile; fileRef = 1A2B94E92B195BE8005B92E1 /* SwiftPackageIndexAPI+ImportedModels.swift */; };
		1A6E75A52B1FDB4E004A1A17 /* SwiftPackageIndexAPI+Package.swift in Sources */ = {isa = PBXBuildFile; fileRef = 1A2B94ED2B195BE9005B92E1 /* SwiftPackageIndexAPI+Package.swift */; };
		1A6E75A62B1FDB4E004A1A17 /* SwiftPackageIndexAPI+PackageId.swift in Sources */ = {isa = PBXBuildFile; fileRef = 1A2B94EE2B195BE9005B92E1 /* SwiftPackageIndexAPI+PackageId.swift */; };
		1A6E75A82B1FDBBD004A1A17 /* SPIBaseURL+ExpressibleByArgument.swift in Sources */ = {isa = PBXBuildFile; fileRef = 1A6E75A72B1FDBBD004A1A17 /* SPIBaseURL+ExpressibleByArgument.swift */; };
		1A6E75AA2B1FDC8E004A1A17 /* Collections in Frameworks */ = {isa = PBXBuildFile; productRef = 1A6E75A92B1FDC8E004A1A17 /* Collections */; };
		1A773D342B1FF7CF000C1919 /* APISearchResponseDecodingTests.swift in Sources */ = {isa = PBXBuildFile; fileRef = 1A773D332B1FF7CF000C1919 /* APISearchResponseDecodingTests.swift */; };
		1A7850012873380B00AFB33F /* SearchRankDocument.swift in Sources */ = {isa = PBXBuildFile; fileRef = 1A7850002873380B00AFB33F /* SearchRankDocument.swift */; };
		1A78500328733B5500AFB33F /* SearchRank.swift in Sources */ = {isa = PBXBuildFile; fileRef = 1A78500228733B5500AFB33F /* SearchRank.swift */; };
		1A78500528733F0500AFB33F /* SearchRankEditorView.swift in Sources */ = {isa = PBXBuildFile; fileRef = 1A78500428733F0500AFB33F /* SearchRankEditorView.swift */; };
		1A789D7728721EE700E8108A /* PackageSearchResultView.swift in Sources */ = {isa = PBXBuildFile; fileRef = 1A789D7628721EE700E8108A /* PackageSearchResultView.swift */; };
		1A7FD6AB2873797E008C76AB /* Relevance.swift in Sources */ = {isa = PBXBuildFile; fileRef = 1A7FD6AA2873797E008C76AB /* Relevance.swift */; };
		1A8144AA2872056300F58B48 /* CapsuleText.swift in Sources */ = {isa = PBXBuildFile; fileRef = 1A8144A92872056300F58B48 /* CapsuleText.swift */; };
		1A8144AC28720E7000F58B48 /* SearchResultView.swift in Sources */ = {isa = PBXBuildFile; fileRef = 1A8144AB28720E7000F58B48 /* SearchResultView.swift */; };
		1A8144AE287218F900F58B48 /* RelevanceSelectorView.swift in Sources */ = {isa = PBXBuildFile; fileRef = 1A8144AD287218F900F58B48 /* RelevanceSelectorView.swift */; };
		1A88E3442A9029CA005E5B2E /* bezier_query_18aug2023.txt in Resources */ = {isa = PBXBuildFile; fileRef = 1A88E3432A9029CA005E5B2E /* bezier_query_18aug2023.txt */; };
		1A9D79DE287B3EBD0068DF3A /* RelevanceResultView.swift in Sources */ = {isa = PBXBuildFile; fileRef = 1A9D79DD287B3EBD0068DF3A /* RelevanceResultView.swift */; };
		1AA317EC28789BBC009CD13F /* SPISearchParserTest.swift in Sources */ = {isa = PBXBuildFile; fileRef = 1AA317EB28789BBC009CD13F /* SPISearchParserTest.swift */; };
		1AAD70AF2B2112540001AD0E /* searchcollection_staging_6dec2023.txt in Resources */ = {isa = PBXBuildFile; fileRef = 1AAD70AD2B2112530001AD0E /* searchcollection_staging_6dec2023.txt */; };
		1AAD70B12B2112990001AD0E /* searchcollection_testexample.txt in Resources */ = {isa = PBXBuildFile; fileRef = 1AAD70B02B2112990001AD0E /* searchcollection_testexample.txt */; };
		1ABC74BA2B19693900B7E6EB /* SwiftPackageIndexAPI+ImportedModels.swift in Sources */ = {isa = PBXBuildFile; fileRef = 1A2B94E92B195BE8005B92E1 /* SwiftPackageIndexAPI+ImportedModels.swift */; };
		1ABC74BC2B19693900B7E6EB /* SwiftPackageIndexAPI.swift in Sources */ = {isa = PBXBuildFile; fileRef = 1A2B94EB2B195BE8005B92E1 /* SwiftPackageIndexAPI.swift */; };
		1ABC74BD2B19693900B7E6EB /* SwiftPackageIndexAPI+Package.swift in Sources */ = {isa = PBXBuildFile; fileRef = 1A2B94ED2B195BE9005B92E1 /* SwiftPackageIndexAPI+Package.swift */; };
		1ABC74BF2B19693900B7E6EB /* SwiftPackageIndexAPI+PackageId.swift in Sources */ = {isa = PBXBuildFile; fileRef = 1A2B94EE2B195BE9005B92E1 /* SwiftPackageIndexAPI+PackageId.swift */; };
		1ABC74C22B19697000B7E6EB /* Collections in Frameworks */ = {isa = PBXBuildFile; productRef = 1ABC74C12B19697000B7E6EB /* Collections */; };
		1AC5538028736A590050F0D6 /* SearchRankTests.swift in Sources */ = {isa = PBXBuildFile; fileRef = 1AC5537F28736A590050F0D6 /* SearchRankTests.swift */; };
		1AC90C4F2871FB5600254B83 /* SPISearchParser.swift in Sources */ = {isa = PBXBuildFile; fileRef = 1AC90C4E2871FB5600254B83 /* SPISearchParser.swift */; };
		1ACF8740287C9D9B00D72B9C /* ConfigureReviewer.swift in Sources */ = {isa = PBXBuildFile; fileRef = 1ACF873F287C9D9B00D72B9C /* ConfigureReviewer.swift */; };
		1AD3E3432878BA120049E655 /* MedianRelevancyTests.swift in Sources */ = {isa = PBXBuildFile; fileRef = 1AD3E3422878BA120049E655 /* MedianRelevancyTests.swift */; };
		1AD6D6C02B0EDFBE00A4A61A /* KeychainAccess in Frameworks */ = {isa = PBXBuildFile; productRef = 1AD6D6BF2B0EDFBE00A4A61A /* KeychainAccess */; };
		1ADB927F2B2251E60022831F /* SearchResultImporter.swift in Sources */ = {isa = PBXBuildFile; fileRef = 1ADB927E2B2251E60022831F /* SearchResultImporter.swift */; };
		1ADB92812B22542F0022831F /* Logging.swift in Sources */ = {isa = PBXBuildFile; fileRef = 1ADB92802B22542F0022831F /* Logging.swift */; };
		1AE2268328725560008C4ED1 /* SearchingView.swift in Sources */ = {isa = PBXBuildFile; fileRef = 1AE2268228725560008C4ED1 /* SearchingView.swift */; };
		1AE699EE2B2009D9008CB0F6 /* ReviewSet.swift in Sources */ = {isa = PBXBuildFile; fileRef = 1A39750A2B1E9182009F9FF7 /* ReviewSet.swift */; };
		1AE699F02B2009FC008CB0F6 /* SPISearchResult in Frameworks */ = {isa = PBXBuildFile; productRef = 1AE699EF2B2009FC008CB0F6 /* SPISearchResult */; };
		1AEADD522877916900023487 /* SettingsFormView.swift in Sources */ = {isa = PBXBuildFile; fileRef = 1AEADD512877916900023487 /* SettingsFormView.swift */; };
		1AEB000328760E3E009055BE /* SearchRankDocumentOverview.swift in Sources */ = {isa = PBXBuildFile; fileRef = 1AEB000228760E3E009055BE /* SearchRankDocumentOverview.swift */; };
		1AEB0005287611EF009055BE /* SearchResultSetSummaryView.swift in Sources */ = {isa = PBXBuildFile; fileRef = 1AEB0004287611EF009055BE /* SearchResultSetSummaryView.swift */; };
		1AEDE79C287BA55A009B1CA4 /* ArgumentParser in Frameworks */ = {isa = PBXBuildFile; productRef = 1AEDE79B287BA55A009B1CA4 /* ArgumentParser */; };
		1AEE50642B213C4300BD46B1 /* SearchResult+exampleCollection.swift in Sources */ = {isa = PBXBuildFile; fileRef = 1AEE50632B213C4300BD46B1 /* SearchResult+exampleCollection.swift */; };
		1AFF37DE2B1D51CE009E518B /* SPISearchResult in Frameworks */ = {isa = PBXBuildFile; productRef = 1AFF37DD2B1D51CE009E518B /* SPISearchResult */; };
/* End PBXBuildFile section */

/* Begin PBXContainerItemProxy section */
		1AC5538128736A590050F0D6 /* PBXContainerItemProxy */ = {
			isa = PBXContainerItemProxy;
			containerPortal = 1A1650382870F98F00AC4DB2 /* Project object */;
			proxyType = 1;
			remoteGlobalIDString = 1A16503F2870F98F00AC4DB2;
			remoteInfo = SPISearch;
		};
/* End PBXContainerItemProxy section */

/* Begin PBXCopyFilesBuildPhase section */
		1A372C8F287C61A30020CFAC /* CopyFiles */ = {
			isa = PBXCopyFilesBuildPhase;
			buildActionMask = 2147483647;
			dstPath = /usr/share/man/man1/;
			dstSubfolderSpec = 0;
			files = (
			);
			runOnlyForDeploymentPostprocessing = 1;
		};
		1A6E75952B1FDA64004A1A17 /* CopyFiles */ = {
			isa = PBXCopyFilesBuildPhase;
			buildActionMask = 2147483647;
			dstPath = /usr/share/man/man1/;
			dstSubfolderSpec = 0;
			files = (
			);
			runOnlyForDeploymentPostprocessing = 1;
		};
/* End PBXCopyFilesBuildPhase section */

/* Begin PBXFileReference section */
		1A0099422B22916200A7A45E /* PrivacyInfo.xcprivacy */ = {isa = PBXFileReference; lastKnownFileType = text.xml; path = PrivacyInfo.xcprivacy; sourceTree = "<group>"; };
		1A032CFD287A24F9007DA587 /* SearchMetricsView.swift */ = {isa = PBXFileReference; lastKnownFileType = sourcecode.swift; path = SearchMetricsView.swift; sourceTree = "<group>"; };
		1A134E2D2B1A6B5A009478B1 /* RelevanceTests.swift */ = {isa = PBXFileReference; lastKnownFileType = sourcecode.swift; path = RelevanceTests.swift; sourceTree = "<group>"; };
		1A13C4C82B0BE3B1007D20AD /* SPISearchAPI.swift */ = {isa = PBXFileReference; lastKnownFileType = sourcecode.swift; path = SPISearchAPI.swift; sourceTree = "<group>"; };
		1A1650402870F98F00AC4DB2 /* SPISearch.app */ = {isa = PBXFileReference; explicitFileType = wrapper.application; includeInIndex = 0; path = SPISearch.app; sourceTree = BUILT_PRODUCTS_DIR; };
		1A1650432870F98F00AC4DB2 /* SPISearchApp.swift */ = {isa = PBXFileReference; lastKnownFileType = sourcecode.swift; path = SPISearchApp.swift; sourceTree = "<group>"; };
		1A1650472870F99000AC4DB2 /* Assets.xcassets */ = {isa = PBXFileReference; lastKnownFileType = folder.assetcatalog; path = Assets.xcassets; sourceTree = "<group>"; };
		1A1650492870F99000AC4DB2 /* SPISearch.entitlements */ = {isa = PBXFileReference; lastKnownFileType = text.plist.entitlements; path = SPISearch.entitlements; sourceTree = "<group>"; };
		1A16504B2870F99000AC4DB2 /* Preview Assets.xcassets */ = {isa = PBXFileReference; lastKnownFileType = folder.assetcatalog; path = "Preview Assets.xcassets"; sourceTree = "<group>"; };
		1A1650552871014E00AC4DB2 /* Info.plist */ = {isa = PBXFileReference; lastKnownFileType = text.plist; path = Info.plist; sourceTree = "<group>"; };
		1A1CBC9428734A7A0033EE43 /* Documentation.docc */ = {isa = PBXFileReference; lastKnownFileType = folder.documentationcatalog; path = Documentation.docc; sourceTree = "<group>"; };
		1A1FADEF28737BFF0037D674 /* RankResultsView.swift */ = {isa = PBXFileReference; lastKnownFileType = sourcecode.swift; path = RankResultsView.swift; sourceTree = "<group>"; };
		1A2B94E92B195BE8005B92E1 /* SwiftPackageIndexAPI+ImportedModels.swift */ = {isa = PBXFileReference; fileEncoding = 4; lastKnownFileType = sourcecode.swift; path = "SwiftPackageIndexAPI+ImportedModels.swift"; sourceTree = "<group>"; };
		1A2B94EB2B195BE8005B92E1 /* SwiftPackageIndexAPI.swift */ = {isa = PBXFileReference; fileEncoding = 4; lastKnownFileType = sourcecode.swift; path = SwiftPackageIndexAPI.swift; sourceTree = "<group>"; };
		1A2B94ED2B195BE9005B92E1 /* SwiftPackageIndexAPI+Package.swift */ = {isa = PBXFileReference; fileEncoding = 4; lastKnownFileType = sourcecode.swift; path = "SwiftPackageIndexAPI+Package.swift"; sourceTree = "<group>"; };
		1A2B94EE2B195BE9005B92E1 /* SwiftPackageIndexAPI+PackageId.swift */ = {isa = PBXFileReference; fileEncoding = 4; lastKnownFileType = sourcecode.swift; path = "SwiftPackageIndexAPI+PackageId.swift"; sourceTree = "<group>"; };
		1A2B94FC2B195D43005B92E1 /* README.md */ = {isa = PBXFileReference; lastKnownFileType = net.daringfireball.markdown; path = README.md; sourceTree = "<group>"; };
		1A2DF7F628789E580070841E /* bezier_query_8jul22.txt */ = {isa = PBXFileReference; fileEncoding = 4; lastKnownFileType = text; path = bezier_query_8jul22.txt; sourceTree = "<group>"; };
		1A372C91287C61A30020CFAC /* ReportSearch */ = {isa = PBXFileReference; explicitFileType = "compiled.mach-o.executable"; includeInIndex = 0; path = ReportSearch; sourceTree = BUILT_PRODUCTS_DIR; };
		1A372C93287C61A30020CFAC /* ReportSearchRank.swift */ = {isa = PBXFileReference; lastKnownFileType = sourcecode.swift; path = ReportSearchRank.swift; sourceTree = "<group>"; };
		1A39750A2B1E9182009F9FF7 /* ReviewSet.swift */ = {isa = PBXFileReference; lastKnownFileType = sourcecode.swift; path = ReviewSet.swift; sourceTree = "<group>"; };
		1A39750C2B1E91C0009F9FF7 /* oldstuff.swift */ = {isa = PBXFileReference; lastKnownFileType = sourcecode.swift; path = oldstuff.swift; sourceTree = "<group>"; };
		1A45D915287634650077EC9E /* SearchMetricsTests.swift */ = {isa = PBXFileReference; lastKnownFileType = sourcecode.swift; path = SearchMetricsTests.swift; sourceTree = "<group>"; };
		1A562F6D2878C681006B29A8 /* ComputedRelevancyValues.swift */ = {isa = PBXFileReference; lastKnownFileType = sourcecode.swift; path = ComputedRelevancyValues.swift; sourceTree = "<group>"; };
		1A624BB82876620A00312840 /* RelevanceSetSummaryView.swift */ = {isa = PBXFileReference; lastKnownFileType = sourcecode.swift; path = RelevanceSetSummaryView.swift; sourceTree = "<group>"; };
		1A6A29C728762B6C0096F600 /* SearchMetrics.swift */ = {isa = PBXFileReference; lastKnownFileType = sourcecode.swift; path = SearchMetrics.swift; sourceTree = "<group>"; };
		1A6E75972B1FDA64004A1A17 /* CaptureSearches */ = {isa = PBXFileReference; explicitFileType = "compiled.mach-o.executable"; includeInIndex = 0; path = CaptureSearches; sourceTree = BUILT_PRODUCTS_DIR; };
		1A6E75992B1FDA64004A1A17 /* CaptureSearches.swift */ = {isa = PBXFileReference; lastKnownFileType = sourcecode.swift; path = CaptureSearches.swift; sourceTree = "<group>"; };
		1A6E75A72B1FDBBD004A1A17 /* SPIBaseURL+ExpressibleByArgument.swift */ = {isa = PBXFileReference; lastKnownFileType = sourcecode.swift; path = "SPIBaseURL+ExpressibleByArgument.swift"; sourceTree = "<group>"; };
		1A773D332B1FF7CF000C1919 /* APISearchResponseDecodingTests.swift */ = {isa = PBXFileReference; lastKnownFileType = sourcecode.swift; path = APISearchResponseDecodingTests.swift; sourceTree = "<group>"; };
		1A7850002873380B00AFB33F /* SearchRankDocument.swift */ = {isa = PBXFileReference; lastKnownFileType = sourcecode.swift; path = SearchRankDocument.swift; sourceTree = "<group>"; };
		1A78500228733B5500AFB33F /* SearchRank.swift */ = {isa = PBXFileReference; lastKnownFileType = sourcecode.swift; path = SearchRank.swift; sourceTree = "<group>"; };
		1A78500428733F0500AFB33F /* SearchRankEditorView.swift */ = {isa = PBXFileReference; lastKnownFileType = sourcecode.swift; path = SearchRankEditorView.swift; sourceTree = "<group>"; };
		1A789D7628721EE700E8108A /* PackageSearchResultView.swift */ = {isa = PBXFileReference; lastKnownFileType = sourcecode.swift; path = PackageSearchResultView.swift; sourceTree = "<group>"; };
		1A7FD6AA2873797E008C76AB /* Relevance.swift */ = {isa = PBXFileReference; lastKnownFileType = sourcecode.swift; path = Relevance.swift; sourceTree = "<group>"; };
		1A8144A92872056300F58B48 /* CapsuleText.swift */ = {isa = PBXFileReference; lastKnownFileType = sourcecode.swift; path = CapsuleText.swift; sourceTree = "<group>"; };
		1A8144AB28720E7000F58B48 /* SearchResultView.swift */ = {isa = PBXFileReference; lastKnownFileType = sourcecode.swift; path = SearchResultView.swift; sourceTree = "<group>"; };
		1A8144AD287218F900F58B48 /* RelevanceSelectorView.swift */ = {isa = PBXFileReference; lastKnownFileType = sourcecode.swift; path = RelevanceSelectorView.swift; sourceTree = "<group>"; };
		1A88E3432A9029CA005E5B2E /* bezier_query_18aug2023.txt */ = {isa = PBXFileReference; fileEncoding = 4; lastKnownFileType = text; path = bezier_query_18aug2023.txt; sourceTree = "<group>"; };
		1A98A1452877A1D00021E214 /* AppPrivacyPolicy.md */ = {isa = PBXFileReference; lastKnownFileType = net.daringfireball.markdown; path = AppPrivacyPolicy.md; sourceTree = "<group>"; };
		1A9D79DD287B3EBD0068DF3A /* RelevanceResultView.swift */ = {isa = PBXFileReference; lastKnownFileType = sourcecode.swift; path = RelevanceResultView.swift; sourceTree = "<group>"; };
		1AA317EB28789BBC009CD13F /* SPISearchParserTest.swift */ = {isa = PBXFileReference; lastKnownFileType = sourcecode.swift; path = SPISearchParserTest.swift; sourceTree = "<group>"; };
		1AAD70AC2B2112530001AD0E /* queries.txt */ = {isa = PBXFileReference; fileEncoding = 4; lastKnownFileType = text; path = queries.txt; sourceTree = "<group>"; };
		1AAD70AD2B2112530001AD0E /* searchcollection_staging_6dec2023.txt */ = {isa = PBXFileReference; fileEncoding = 4; lastKnownFileType = text; path = searchcollection_staging_6dec2023.txt; sourceTree = "<group>"; };
		1AAD70B02B2112990001AD0E /* searchcollection_testexample.txt */ = {isa = PBXFileReference; fileEncoding = 4; lastKnownFileType = text; path = searchcollection_testexample.txt; sourceTree = "<group>"; };
		1AC5537D28736A590050F0D6 /* SPISearchTests.xctest */ = {isa = PBXFileReference; explicitFileType = wrapper.cfbundle; includeInIndex = 0; path = SPISearchTests.xctest; sourceTree = BUILT_PRODUCTS_DIR; };
		1AC5537F28736A590050F0D6 /* SearchRankTests.swift */ = {isa = PBXFileReference; lastKnownFileType = sourcecode.swift; path = SearchRankTests.swift; sourceTree = "<group>"; };
		1AC90C4E2871FB5600254B83 /* SPISearchParser.swift */ = {isa = PBXFileReference; lastKnownFileType = sourcecode.swift; path = SPISearchParser.swift; sourceTree = "<group>"; };
		1ACF873F287C9D9B00D72B9C /* ConfigureReviewer.swift */ = {isa = PBXFileReference; lastKnownFileType = sourcecode.swift; path = ConfigureReviewer.swift; sourceTree = "<group>"; };
		1AD3E3422878BA120049E655 /* MedianRelevancyTests.swift */ = {isa = PBXFileReference; lastKnownFileType = sourcecode.swift; path = MedianRelevancyTests.swift; sourceTree = "<group>"; };
		1ADA990F287106AD008FACDF /* README.md */ = {isa = PBXFileReference; lastKnownFileType = net.daringfireball.markdown; path = README.md; sourceTree = "<group>"; };
		1ADB927E2B2251E60022831F /* SearchResultImporter.swift */ = {isa = PBXFileReference; lastKnownFileType = sourcecode.swift; path = SearchResultImporter.swift; sourceTree = "<group>"; };
		1ADB92802B22542F0022831F /* Logging.swift */ = {isa = PBXFileReference; lastKnownFileType = sourcecode.swift; path = Logging.swift; sourceTree = "<group>"; };
		1AE2268228725560008C4ED1 /* SearchingView.swift */ = {isa = PBXFileReference; lastKnownFileType = sourcecode.swift; path = SearchingView.swift; sourceTree = "<group>"; };
		1AEADD512877916900023487 /* SettingsFormView.swift */ = {isa = PBXFileReference; lastKnownFileType = sourcecode.swift; path = SettingsFormView.swift; sourceTree = "<group>"; };
		1AEB000228760E3E009055BE /* SearchRankDocumentOverview.swift */ = {isa = PBXFileReference; lastKnownFileType = sourcecode.swift; path = SearchRankDocumentOverview.swift; sourceTree = "<group>"; };
		1AEB0004287611EF009055BE /* SearchResultSetSummaryView.swift */ = {isa = PBXFileReference; lastKnownFileType = sourcecode.swift; path = SearchResultSetSummaryView.swift; sourceTree = "<group>"; };
		1AEE50632B213C4300BD46B1 /* SearchResult+exampleCollection.swift */ = {isa = PBXFileReference; lastKnownFileType = sourcecode.swift; path = "SearchResult+exampleCollection.swift"; sourceTree = "<group>"; };
/* End PBXFileReference section */

/* Begin PBXFrameworksBuildPhase section */
		1A16503D2870F98F00AC4DB2 /* Frameworks */ = {
			isa = PBXFrameworksBuildPhase;
			buildActionMask = 2147483647;
			files = (
				1AD6D6C02B0EDFBE00A4A61A /* KeychainAccess in Frameworks */,
				1AEDE79C287BA55A009B1CA4 /* ArgumentParser in Frameworks */,
				1A2B94FB2B195C94005B92E1 /* DequeModule in Frameworks */,
				1AFF37DE2B1D51CE009E518B /* SPISearchResult in Frameworks */,
				1A2B94F92B195C94005B92E1 /* Collections in Frameworks */,
				1A1650542870F9B700AC4DB2 /* SwiftSoup in Frameworks */,
			);
			runOnlyForDeploymentPostprocessing = 0;
		};
		1A372C8E287C61A30020CFAC /* Frameworks */ = {
			isa = PBXFrameworksBuildPhase;
			buildActionMask = 2147483647;
			files = (
				1AE699F02B2009FC008CB0F6 /* SPISearchResult in Frameworks */,
				1ABC74C22B19697000B7E6EB /* Collections in Frameworks */,
				1A372C9A287C62070020CFAC /* ArgumentParser in Frameworks */,
				1A372CA3287C63F70020CFAC /* SwiftSoup in Frameworks */,
			);
			runOnlyForDeploymentPostprocessing = 0;
		};
		1A6E75942B1FDA64004A1A17 /* Frameworks */ = {
			isa = PBXFrameworksBuildPhase;
			buildActionMask = 2147483647;
			files = (
				1A6E75AA2B1FDC8E004A1A17 /* Collections in Frameworks */,
				1A6E75A12B1FDAB8004A1A17 /* SPISearchResult in Frameworks */,
				1A6E759F2B1FDAA2004A1A17 /* ArgumentParser in Frameworks */,
			);
			runOnlyForDeploymentPostprocessing = 0;
		};
		1AC5537A28736A590050F0D6 /* Frameworks */ = {
			isa = PBXFrameworksBuildPhase;
			buildActionMask = 2147483647;
			files = (
			);
			runOnlyForDeploymentPostprocessing = 0;
		};
/* End PBXFrameworksBuildPhase section */

/* Begin PBXGroup section */
		1A1650372870F98F00AC4DB2 = {
			isa = PBXGroup;
			children = (
				1ADA990F287106AD008FACDF /* README.md */,
				1A98A1452877A1D00021E214 /* AppPrivacyPolicy.md */,
				1A1650422870F98F00AC4DB2 /* SPISearch */,
				1AC5537E28736A590050F0D6 /* SPISearchTests */,
				1A372C92287C61A30020CFAC /* ReportSearch */,
				1A6E75982B1FDA64004A1A17 /* CaptureSearches */,
				1A1650412870F98F00AC4DB2 /* Products */,
				1A372C98287C62070020CFAC /* Frameworks */,
			);
			sourceTree = "<group>";
		};
		1A1650412870F98F00AC4DB2 /* Products */ = {
			isa = PBXGroup;
			children = (
				1A1650402870F98F00AC4DB2 /* SPISearch.app */,
				1AC5537D28736A590050F0D6 /* SPISearchTests.xctest */,
				1A372C91287C61A30020CFAC /* ReportSearch */,
				1A6E75972B1FDA64004A1A17 /* CaptureSearches */,
			);
			name = Products;
			sourceTree = "<group>";
		};
		1A1650422870F98F00AC4DB2 /* SPISearch */ = {
			isa = PBXGroup;
			children = (
				1A1650432870F98F00AC4DB2 /* SPISearchApp.swift */,
				1AC90C4E2871FB5600254B83 /* SPISearchParser.swift */,
				1A13C4C82B0BE3B1007D20AD /* SPISearchAPI.swift */,
				1ADB92802B22542F0022831F /* Logging.swift */,
				1ADB927E2B2251E60022831F /* SearchResultImporter.swift */,
				1A2B94E82B195BA8005B92E1 /* SwiftPackageIndexAPI */,
				1AC55377287363610050F0D6 /* Views */,
				1AC55378287363930050F0D6 /* Supplemental Views */,
				1AC55374287362930050F0D6 /* Model */,
				1A1650552871014E00AC4DB2 /* Info.plist */,
				1A1650472870F99000AC4DB2 /* Assets.xcassets */,
				1A1650492870F99000AC4DB2 /* SPISearch.entitlements */,
				1A16504A2870F99000AC4DB2 /* Preview Content */,
				1A1CBC9428734A7A0033EE43 /* Documentation.docc */,
				1A0099422B22916200A7A45E /* PrivacyInfo.xcprivacy */,
			);
			path = SPISearch;
			sourceTree = "<group>";
		};
		1A16504A2870F99000AC4DB2 /* Preview Content */ = {
			isa = PBXGroup;
			children = (
				1A16504B2870F99000AC4DB2 /* Preview Assets.xcassets */,
			);
			path = "Preview Content";
			sourceTree = "<group>";
		};
		1A2B94E82B195BA8005B92E1 /* SwiftPackageIndexAPI */ = {
			isa = PBXGroup;
			children = (
				1A2B94FC2B195D43005B92E1 /* README.md */,
				1A2B94EB2B195BE8005B92E1 /* SwiftPackageIndexAPI.swift */,
				1A2B94E92B195BE8005B92E1 /* SwiftPackageIndexAPI+ImportedModels.swift */,
				1A2B94ED2B195BE9005B92E1 /* SwiftPackageIndexAPI+Package.swift */,
				1A2B94EE2B195BE9005B92E1 /* SwiftPackageIndexAPI+PackageId.swift */,
			);
			path = SwiftPackageIndexAPI;
			sourceTree = "<group>";
		};
		1A372C92287C61A30020CFAC /* ReportSearch */ = {
			isa = PBXGroup;
			children = (
				1A372C93287C61A30020CFAC /* ReportSearchRank.swift */,
			);
			path = ReportSearch;
			sourceTree = "<group>";
		};
		1A372C98287C62070020CFAC /* Frameworks */ = {
			isa = PBXGroup;
			children = (
			);
			name = Frameworks;
			sourceTree = "<group>";
		};
		1A6E75982B1FDA64004A1A17 /* CaptureSearches */ = {
			isa = PBXGroup;
			children = (
				1A6E75992B1FDA64004A1A17 /* CaptureSearches.swift */,
				1A6E75A72B1FDBBD004A1A17 /* SPIBaseURL+ExpressibleByArgument.swift */,
			);
			path = CaptureSearches;
			sourceTree = "<group>";
		};
		1AC55374287362930050F0D6 /* Model */ = {
			isa = PBXGroup;
			children = (
				1A7850002873380B00AFB33F /* SearchRankDocument.swift */,
				1AEE50632B213C4300BD46B1 /* SearchResult+exampleCollection.swift */,
				1A78500228733B5500AFB33F /* SearchRank.swift */,
				1A39750A2B1E9182009F9FF7 /* ReviewSet.swift */,
				1A7FD6AA2873797E008C76AB /* Relevance.swift */,
				1A39750C2B1E91C0009F9FF7 /* oldstuff.swift */,
				1A562F6D2878C681006B29A8 /* ComputedRelevancyValues.swift */,
				1A6A29C728762B6C0096F600 /* SearchMetrics.swift */,
			);
			path = Model;
			sourceTree = "<group>";
		};
		1AC55377287363610050F0D6 /* Views */ = {
			isa = PBXGroup;
			children = (
				1A78500428733F0500AFB33F /* SearchRankEditorView.swift */,
				1AEB000228760E3E009055BE /* SearchRankDocumentOverview.swift */,
				1A8144AB28720E7000F58B48 /* SearchResultView.swift */,
				1A1FADEF28737BFF0037D674 /* RankResultsView.swift */,
				1ACF873F287C9D9B00D72B9C /* ConfigureReviewer.swift */,
				1AE2268228725560008C4ED1 /* SearchingView.swift */,
				1A789D7628721EE700E8108A /* PackageSearchResultView.swift */,
			);
			path = Views;
			sourceTree = "<group>";
		};
		1AC55378287363930050F0D6 /* Supplemental Views */ = {
			isa = PBXGroup;
			children = (
				1AEADD512877916900023487 /* SettingsFormView.swift */,
				1A624BB82876620A00312840 /* RelevanceSetSummaryView.swift */,
				1A8144AD287218F900F58B48 /* RelevanceSelectorView.swift */,
				1A9D79DD287B3EBD0068DF3A /* RelevanceResultView.swift */,
				1A8144A92872056300F58B48 /* CapsuleText.swift */,
				1AEB0004287611EF009055BE /* SearchResultSetSummaryView.swift */,
				1A032CFD287A24F9007DA587 /* SearchMetricsView.swift */,
			);
			path = "Supplemental Views";
			sourceTree = "<group>";
		};
		1AC5537E28736A590050F0D6 /* SPISearchTests */ = {
			isa = PBXGroup;
			children = (
				1AAD70AC2B2112530001AD0E /* queries.txt */,
				1AAD70AD2B2112530001AD0E /* searchcollection_staging_6dec2023.txt */,
				1AAD70B02B2112990001AD0E /* searchcollection_testexample.txt */,
				1A88E3432A9029CA005E5B2E /* bezier_query_18aug2023.txt */,
				1A2DF7F628789E580070841E /* bezier_query_8jul22.txt */,
				1A773D332B1FF7CF000C1919 /* APISearchResponseDecodingTests.swift */,
				1A134E2D2B1A6B5A009478B1 /* RelevanceTests.swift */,
				1AC5537F28736A590050F0D6 /* SearchRankTests.swift */,
				1AD3E3422878BA120049E655 /* MedianRelevancyTests.swift */,
				1A45D915287634650077EC9E /* SearchMetricsTests.swift */,
				1AA317EB28789BBC009CD13F /* SPISearchParserTest.swift */,
			);
			path = SPISearchTests;
			sourceTree = "<group>";
		};
/* End PBXGroup section */

/* Begin PBXNativeTarget section */
		1A16503F2870F98F00AC4DB2 /* SPISearch */ = {
			isa = PBXNativeTarget;
			buildConfigurationList = 1A16504F2870F99000AC4DB2 /* Build configuration list for PBXNativeTarget "SPISearch" */;
			buildPhases = (
				1A16503C2870F98F00AC4DB2 /* Sources */,
				1A16503D2870F98F00AC4DB2 /* Frameworks */,
				1A16503E2870F98F00AC4DB2 /* Resources */,
			);
			buildRules = (
			);
			dependencies = (
			);
			name = SPISearch;
			packageProductDependencies = (
				1A1650532870F9B700AC4DB2 /* SwiftSoup */,
				1AEDE79B287BA55A009B1CA4 /* ArgumentParser */,
				1AD6D6BF2B0EDFBE00A4A61A /* KeychainAccess */,
				1A2B94F82B195C94005B92E1 /* Collections */,
				1A2B94FA2B195C94005B92E1 /* DequeModule */,
				1AFF37DD2B1D51CE009E518B /* SPISearchResult */,
			);
			productName = SPISearch;
			productReference = 1A1650402870F98F00AC4DB2 /* SPISearch.app */;
			productType = "com.apple.product-type.application";
		};
		1A372C90287C61A30020CFAC /* ReportSearch */ = {
			isa = PBXNativeTarget;
			buildConfigurationList = 1A372C95287C61A30020CFAC /* Build configuration list for PBXNativeTarget "ReportSearch" */;
			buildPhases = (
				1A372C8D287C61A30020CFAC /* Sources */,
				1A372C8E287C61A30020CFAC /* Frameworks */,
				1A372C8F287C61A30020CFAC /* CopyFiles */,
			);
			buildRules = (
			);
			dependencies = (
			);
			name = ReportSearch;
			packageProductDependencies = (
				1A372C99287C62070020CFAC /* ArgumentParser */,
				1A372CA2287C63F70020CFAC /* SwiftSoup */,
				1ABC74C12B19697000B7E6EB /* Collections */,
				1AE699EF2B2009FC008CB0F6 /* SPISearchResult */,
			);
			productName = ReportSearch;
			productReference = 1A372C91287C61A30020CFAC /* ReportSearch */;
			productType = "com.apple.product-type.tool";
		};
		1A6E75962B1FDA64004A1A17 /* CaptureSearches */ = {
			isa = PBXNativeTarget;
			buildConfigurationList = 1A6E759D2B1FDA64004A1A17 /* Build configuration list for PBXNativeTarget "CaptureSearches" */;
			buildPhases = (
				1A6E75932B1FDA64004A1A17 /* Sources */,
				1A6E75942B1FDA64004A1A17 /* Frameworks */,
				1A6E75952B1FDA64004A1A17 /* CopyFiles */,
			);
			buildRules = (
			);
			dependencies = (
			);
			name = CaptureSearches;
			packageProductDependencies = (
				1A6E759E2B1FDAA2004A1A17 /* ArgumentParser */,
				1A6E75A02B1FDAB8004A1A17 /* SPISearchResult */,
				1A6E75A92B1FDC8E004A1A17 /* Collections */,
			);
			productName = CaptureSearches;
			productReference = 1A6E75972B1FDA64004A1A17 /* CaptureSearches */;
			productType = "com.apple.product-type.tool";
		};
		1AC5537C28736A590050F0D6 /* SPISearchTests */ = {
			isa = PBXNativeTarget;
			buildConfigurationList = 1AC5538328736A590050F0D6 /* Build configuration list for PBXNativeTarget "SPISearchTests" */;
			buildPhases = (
				1AC5537928736A590050F0D6 /* Sources */,
				1AC5537A28736A590050F0D6 /* Frameworks */,
				1AC5537B28736A590050F0D6 /* Resources */,
			);
			buildRules = (
			);
			dependencies = (
				1AC5538228736A590050F0D6 /* PBXTargetDependency */,
			);
			name = SPISearchTests;
			productName = SPISearchTests;
			productReference = 1AC5537D28736A590050F0D6 /* SPISearchTests.xctest */;
			productType = "com.apple.product-type.bundle.unit-test";
		};
/* End PBXNativeTarget section */

/* Begin PBXProject section */
		1A1650382870F98F00AC4DB2 /* Project object */ = {
			isa = PBXProject;
			attributes = {
				BuildIndependentTargetsInParallel = 1;
				LastSwiftUpdateCheck = 1510;
				LastUpgradeCheck = 1510;
				TargetAttributes = {
					1A16503F2870F98F00AC4DB2 = {
						CreatedOnToolsVersion = 14.0;
					};
					1A372C90287C61A30020CFAC = {
						CreatedOnToolsVersion = 14.0;
					};
					1A6E75962B1FDA64004A1A17 = {
						CreatedOnToolsVersion = 15.1;
					};
					1AC5537C28736A590050F0D6 = {
						CreatedOnToolsVersion = 14.0;
						TestTargetID = 1A16503F2870F98F00AC4DB2;
					};
				};
			};
			buildConfigurationList = 1A16503B2870F98F00AC4DB2 /* Build configuration list for PBXProject "SPISearch" */;
			compatibilityVersion = "Xcode 13.0";
			developmentRegion = en;
			hasScannedForEncodings = 0;
			knownRegions = (
				en,
				Base,
			);
			mainGroup = 1A1650372870F98F00AC4DB2;
			packageReferences = (
				1A1650522870F9B700AC4DB2 /* XCRemoteSwiftPackageReference "SwiftSoup" */,
				1AEDE79A287BA55A009B1CA4 /* XCRemoteSwiftPackageReference "swift-argument-parser" */,
				1AD6D6BE2B0EDFBE00A4A61A /* XCRemoteSwiftPackageReference "KeychainAccess" */,
				1A2B94F72B195C94005B92E1 /* XCRemoteSwiftPackageReference "swift-collections" */,
				1AFF37DC2B1D51CE009E518B /* XCRemoteSwiftPackageReference "SPISearchResult" */,
			);
			productRefGroup = 1A1650412870F98F00AC4DB2 /* Products */;
			projectDirPath = "";
			projectRoot = "";
			targets = (
				1A16503F2870F98F00AC4DB2 /* SPISearch */,
				1AC5537C28736A590050F0D6 /* SPISearchTests */,
				1A372C90287C61A30020CFAC /* ReportSearch */,
				1A6E75962B1FDA64004A1A17 /* CaptureSearches */,
			);
		};
/* End PBXProject section */

/* Begin PBXResourcesBuildPhase section */
		1A16503E2870F98F00AC4DB2 /* Resources */ = {
			isa = PBXResourcesBuildPhase;
			buildActionMask = 2147483647;
			files = (
				1A0099432B22916200A7A45E /* PrivacyInfo.xcprivacy in Resources */,
				1A16504C2870F99000AC4DB2 /* Preview Assets.xcassets in Resources */,
				1A1650482870F99000AC4DB2 /* Assets.xcassets in Resources */,
			);
			runOnlyForDeploymentPostprocessing = 0;
		};
		1AC5537B28736A590050F0D6 /* Resources */ = {
			isa = PBXResourcesBuildPhase;
			buildActionMask = 2147483647;
			files = (
				1A88E3442A9029CA005E5B2E /* bezier_query_18aug2023.txt in Resources */,
				1AAD70AF2B2112540001AD0E /* searchcollection_staging_6dec2023.txt in Resources */,
				1AAD70B12B2112990001AD0E /* searchcollection_testexample.txt in Resources */,
				1A2DF7F728789E580070841E /* bezier_query_8jul22.txt in Resources */,
			);
			runOnlyForDeploymentPostprocessing = 0;
		};
/* End PBXResourcesBuildPhase section */

/* Begin PBXSourcesBuildPhase section */
		1A16503C2870F98F00AC4DB2 /* Sources */ = {
			isa = PBXSourcesBuildPhase;
			buildActionMask = 2147483647;
			files = (
				1A789D7728721EE700E8108A /* PackageSearchResultView.swift in Sources */,
				1A1650442870F98F00AC4DB2 /* SPISearchApp.swift in Sources */,
				1A1CBC9528734A7A0033EE43 /* Documentation.docc in Sources */,
				1A2B94F42B195BE9005B92E1 /* SwiftPackageIndexAPI+Package.swift in Sources */,
				1A032CFE287A24F9007DA587 /* SearchMetricsView.swift in Sources */,
				1A78500528733F0500AFB33F /* SearchRankEditorView.swift in Sources */,
				1A2B94F52B195BE9005B92E1 /* SwiftPackageIndexAPI+PackageId.swift in Sources */,
				1A2B94F22B195BE9005B92E1 /* SwiftPackageIndexAPI.swift in Sources */,
				1AEE50642B213C4300BD46B1 /* SearchResult+exampleCollection.swift in Sources */,
				1A1FADF028737BFF0037D674 /* RankResultsView.swift in Sources */,
				1A8144AC28720E7000F58B48 /* SearchResultView.swift in Sources */,
				1A624BB92876620A00312840 /* RelevanceSetSummaryView.swift in Sources */,
				1A562F6E2878C681006B29A8 /* ComputedRelevancyValues.swift in Sources */,
				1A39750D2B1E91C0009F9FF7 /* oldstuff.swift in Sources */,
				1A78500328733B5500AFB33F /* SearchRank.swift in Sources */,
				1ADB92812B22542F0022831F /* Logging.swift in Sources */,
				1A6A29C828762B6D0096F600 /* SearchMetrics.swift in Sources */,
				1AEADD522877916900023487 /* SettingsFormView.swift in Sources */,
				1ADB927F2B2251E60022831F /* SearchResultImporter.swift in Sources */,
				1A7850012873380B00AFB33F /* SearchRankDocument.swift in Sources */,
				1A8144AA2872056300F58B48 /* CapsuleText.swift in Sources */,
				1A7FD6AB2873797E008C76AB /* Relevance.swift in Sources */,
				1AEB0005287611EF009055BE /* SearchResultSetSummaryView.swift in Sources */,
				1AE2268328725560008C4ED1 /* SearchingView.swift in Sources */,
				1A39750B2B1E9182009F9FF7 /* ReviewSet.swift in Sources */,
				1A13C4C92B0BE3B1007D20AD /* SPISearchAPI.swift in Sources */,
				1AC90C4F2871FB5600254B83 /* SPISearchParser.swift in Sources */,
				1AEB000328760E3E009055BE /* SearchRankDocumentOverview.swift in Sources */,
				1ACF8740287C9D9B00D72B9C /* ConfigureReviewer.swift in Sources */,
				1A8144AE287218F900F58B48 /* RelevanceSelectorView.swift in Sources */,
				1A2B94F02B195BE9005B92E1 /* SwiftPackageIndexAPI+ImportedModels.swift in Sources */,
				1A9D79DE287B3EBD0068DF3A /* RelevanceResultView.swift in Sources */,
			);
			runOnlyForDeploymentPostprocessing = 0;
		};
		1A372C8D287C61A30020CFAC /* Sources */ = {
			isa = PBXSourcesBuildPhase;
			buildActionMask = 2147483647;
			files = (
				1AE699EE2B2009D9008CB0F6 /* ReviewSet.swift in Sources */,
				1ABC74BA2B19693900B7E6EB /* SwiftPackageIndexAPI+ImportedModels.swift in Sources */,
				1A372C9E287C63C50020CFAC /* SearchMetrics.swift in Sources */,
				1A372C9D287C63C50020CFAC /* Relevance.swift in Sources */,
				1ABC74BD2B19693900B7E6EB /* SwiftPackageIndexAPI+Package.swift in Sources */,
				1ABC74BC2B19693900B7E6EB /* SwiftPackageIndexAPI.swift in Sources */,
				1A372C94287C61A30020CFAC /* ReportSearchRank.swift in Sources */,
				1A372C9C287C63C50020CFAC /* SearchRankDocument.swift in Sources */,
				1A372CA0287C63C60020CFAC /* ComputedRelevancyValues.swift in Sources */,
				1A372C9F287C63C50020CFAC /* SearchRank.swift in Sources */,
				1ABC74BF2B19693900B7E6EB /* SwiftPackageIndexAPI+PackageId.swift in Sources */,
				1A372CA1287C63E30020CFAC /* SPISearchParser.swift in Sources */,
			);
			runOnlyForDeploymentPostprocessing = 0;
		};
		1A6E75932B1FDA64004A1A17 /* Sources */ = {
			isa = PBXSourcesBuildPhase;
			buildActionMask = 2147483647;
			files = (
				1A6E75A62B1FDB4E004A1A17 /* SwiftPackageIndexAPI+PackageId.swift in Sources */,
				1A6E75A32B1FDB4E004A1A17 /* SwiftPackageIndexAPI.swift in Sources */,
				1A6E75A52B1FDB4E004A1A17 /* SwiftPackageIndexAPI+Package.swift in Sources */,
				1A6E759A2B1FDA64004A1A17 /* CaptureSearches.swift in Sources */,
				1A6E75A82B1FDBBD004A1A17 /* SPIBaseURL+ExpressibleByArgument.swift in Sources */,
				1A6E75A42B1FDB4E004A1A17 /* SwiftPackageIndexAPI+ImportedModels.swift in Sources */,
				1A6E75A22B1FDB45004A1A17 /* SPISearchAPI.swift in Sources */,
			);
			runOnlyForDeploymentPostprocessing = 0;
		};
		1AC5537928736A590050F0D6 /* Sources */ = {
			isa = PBXSourcesBuildPhase;
			buildActionMask = 2147483647;
			files = (
				1AC5538028736A590050F0D6 /* SearchRankTests.swift in Sources */,
				1A45D916287634650077EC9E /* SearchMetricsTests.swift in Sources */,
				1AA317EC28789BBC009CD13F /* SPISearchParserTest.swift in Sources */,
				1A773D342B1FF7CF000C1919 /* APISearchResponseDecodingTests.swift in Sources */,
				1AD3E3432878BA120049E655 /* MedianRelevancyTests.swift in Sources */,
				1A134E2E2B1A6B5A009478B1 /* RelevanceTests.swift in Sources */,
			);
			runOnlyForDeploymentPostprocessing = 0;
		};
/* End PBXSourcesBuildPhase section */

/* Begin PBXTargetDependency section */
		1AC5538228736A590050F0D6 /* PBXTargetDependency */ = {
			isa = PBXTargetDependency;
			target = 1A16503F2870F98F00AC4DB2 /* SPISearch */;
			targetProxy = 1AC5538128736A590050F0D6 /* PBXContainerItemProxy */;
		};
/* End PBXTargetDependency section */

/* Begin XCBuildConfiguration section */
		1A16504D2870F99000AC4DB2 /* Debug */ = {
			isa = XCBuildConfiguration;
			buildSettings = {
				ALWAYS_SEARCH_USER_PATHS = NO;
				ASSETCATALOG_COMPILER_GENERATE_SWIFT_ASSET_SYMBOL_EXTENSIONS = YES;
				CLANG_ANALYZER_NONNULL = YES;
				CLANG_ANALYZER_NUMBER_OBJECT_CONVERSION = YES_AGGRESSIVE;
				CLANG_CXX_LANGUAGE_STANDARD = "gnu++17";
				CLANG_ENABLE_MODULES = YES;
				CLANG_ENABLE_OBJC_ARC = YES;
				CLANG_ENABLE_OBJC_WEAK = YES;
				CLANG_WARN_BLOCK_CAPTURE_AUTORELEASING = YES;
				CLANG_WARN_BOOL_CONVERSION = YES;
				CLANG_WARN_COMMA = YES;
				CLANG_WARN_CONSTANT_CONVERSION = YES;
				CLANG_WARN_DEPRECATED_OBJC_IMPLEMENTATIONS = YES;
				CLANG_WARN_DIRECT_OBJC_ISA_USAGE = YES_ERROR;
				CLANG_WARN_DOCUMENTATION_COMMENTS = YES;
				CLANG_WARN_EMPTY_BODY = YES;
				CLANG_WARN_ENUM_CONVERSION = YES;
				CLANG_WARN_INFINITE_RECURSION = YES;
				CLANG_WARN_INT_CONVERSION = YES;
				CLANG_WARN_NON_LITERAL_NULL_CONVERSION = YES;
				CLANG_WARN_OBJC_IMPLICIT_RETAIN_SELF = YES;
				CLANG_WARN_OBJC_LITERAL_CONVERSION = YES;
				CLANG_WARN_OBJC_ROOT_CLASS = YES_ERROR;
				CLANG_WARN_QUOTED_INCLUDE_IN_FRAMEWORK_HEADER = YES;
				CLANG_WARN_RANGE_LOOP_ANALYSIS = YES;
				CLANG_WARN_STRICT_PROTOTYPES = YES;
				CLANG_WARN_SUSPICIOUS_MOVE = YES;
				CLANG_WARN_UNGUARDED_AVAILABILITY = YES_AGGRESSIVE;
				CLANG_WARN_UNREACHABLE_CODE = YES;
				CLANG_WARN__DUPLICATE_METHOD_MATCH = YES;
				COPY_PHASE_STRIP = NO;
				DEAD_CODE_STRIPPING = YES;
				DEBUG_INFORMATION_FORMAT = dwarf;
				ENABLE_STRICT_OBJC_MSGSEND = YES;
				ENABLE_TESTABILITY = YES;
				ENABLE_USER_SCRIPT_SANDBOXING = YES;
				GCC_C_LANGUAGE_STANDARD = gnu11;
				GCC_DYNAMIC_NO_PIC = NO;
				GCC_NO_COMMON_BLOCKS = YES;
				GCC_OPTIMIZATION_LEVEL = 0;
				GCC_PREPROCESSOR_DEFINITIONS = (
					"DEBUG=1",
					"$(inherited)",
				);
				GCC_WARN_64_TO_32_BIT_CONVERSION = YES;
				GCC_WARN_ABOUT_RETURN_TYPE = YES_ERROR;
				GCC_WARN_UNDECLARED_SELECTOR = YES;
				GCC_WARN_UNINITIALIZED_AUTOS = YES_AGGRESSIVE;
				GCC_WARN_UNUSED_FUNCTION = YES;
				GCC_WARN_UNUSED_VARIABLE = YES;
				IPHONEOS_DEPLOYMENT_TARGET = 16.0;
				MACOSX_DEPLOYMENT_TARGET = 13.0;
				MTL_ENABLE_DEBUG_INFO = INCLUDE_SOURCE;
				MTL_FAST_MATH = YES;
				ONLY_ACTIVE_ARCH = YES;
				SWIFT_ACTIVE_COMPILATION_CONDITIONS = DEBUG;
				SWIFT_OPTIMIZATION_LEVEL = "-Onone";
			};
			name = Debug;
		};
		1A16504E2870F99000AC4DB2 /* Release */ = {
			isa = XCBuildConfiguration;
			buildSettings = {
				ALWAYS_SEARCH_USER_PATHS = NO;
				ASSETCATALOG_COMPILER_GENERATE_SWIFT_ASSET_SYMBOL_EXTENSIONS = YES;
				CLANG_ANALYZER_NONNULL = YES;
				CLANG_ANALYZER_NUMBER_OBJECT_CONVERSION = YES_AGGRESSIVE;
				CLANG_CXX_LANGUAGE_STANDARD = "gnu++17";
				CLANG_ENABLE_MODULES = YES;
				CLANG_ENABLE_OBJC_ARC = YES;
				CLANG_ENABLE_OBJC_WEAK = YES;
				CLANG_WARN_BLOCK_CAPTURE_AUTORELEASING = YES;
				CLANG_WARN_BOOL_CONVERSION = YES;
				CLANG_WARN_COMMA = YES;
				CLANG_WARN_CONSTANT_CONVERSION = YES;
				CLANG_WARN_DEPRECATED_OBJC_IMPLEMENTATIONS = YES;
				CLANG_WARN_DIRECT_OBJC_ISA_USAGE = YES_ERROR;
				CLANG_WARN_DOCUMENTATION_COMMENTS = YES;
				CLANG_WARN_EMPTY_BODY = YES;
				CLANG_WARN_ENUM_CONVERSION = YES;
				CLANG_WARN_INFINITE_RECURSION = YES;
				CLANG_WARN_INT_CONVERSION = YES;
				CLANG_WARN_NON_LITERAL_NULL_CONVERSION = YES;
				CLANG_WARN_OBJC_IMPLICIT_RETAIN_SELF = YES;
				CLANG_WARN_OBJC_LITERAL_CONVERSION = YES;
				CLANG_WARN_OBJC_ROOT_CLASS = YES_ERROR;
				CLANG_WARN_QUOTED_INCLUDE_IN_FRAMEWORK_HEADER = YES;
				CLANG_WARN_RANGE_LOOP_ANALYSIS = YES;
				CLANG_WARN_STRICT_PROTOTYPES = YES;
				CLANG_WARN_SUSPICIOUS_MOVE = YES;
				CLANG_WARN_UNGUARDED_AVAILABILITY = YES_AGGRESSIVE;
				CLANG_WARN_UNREACHABLE_CODE = YES;
				CLANG_WARN__DUPLICATE_METHOD_MATCH = YES;
				COPY_PHASE_STRIP = NO;
				DEAD_CODE_STRIPPING = YES;
				DEBUG_INFORMATION_FORMAT = "dwarf-with-dsym";
				ENABLE_NS_ASSERTIONS = NO;
				ENABLE_STRICT_OBJC_MSGSEND = YES;
				ENABLE_USER_SCRIPT_SANDBOXING = YES;
				GCC_C_LANGUAGE_STANDARD = gnu11;
				GCC_NO_COMMON_BLOCKS = YES;
				GCC_WARN_64_TO_32_BIT_CONVERSION = YES;
				GCC_WARN_ABOUT_RETURN_TYPE = YES_ERROR;
				GCC_WARN_UNDECLARED_SELECTOR = YES;
				GCC_WARN_UNINITIALIZED_AUTOS = YES_AGGRESSIVE;
				GCC_WARN_UNUSED_FUNCTION = YES;
				GCC_WARN_UNUSED_VARIABLE = YES;
				IPHONEOS_DEPLOYMENT_TARGET = 16.0;
				MACOSX_DEPLOYMENT_TARGET = 13.0;
				MTL_ENABLE_DEBUG_INFO = NO;
				MTL_FAST_MATH = YES;
				SWIFT_COMPILATION_MODE = wholemodule;
				SWIFT_OPTIMIZATION_LEVEL = "-O";
			};
			name = Release;
		};
		1A1650502870F99000AC4DB2 /* Debug */ = {
			isa = XCBuildConfiguration;
			buildSettings = {
				ASSETCATALOG_COMPILER_APPICON_NAME = AppIcon;
				ASSETCATALOG_COMPILER_GLOBAL_ACCENT_COLOR_NAME = AccentColor;
				CODE_SIGN_ENTITLEMENTS = SPISearch/SPISearch.entitlements;
				CODE_SIGN_IDENTITY = "-";
				"CODE_SIGN_IDENTITY[sdk=iphoneos*]" = "Apple Development";
				"CODE_SIGN_IDENTITY[sdk=macosx*]" = "-";
				CODE_SIGN_STYLE = Automatic;
				CURRENT_PROJECT_VERSION = 1;
				DEVELOPMENT_ASSET_PATHS = "\"SPISearch/Preview Content\"";
				DEVELOPMENT_TEAM = BDV4VC27D3;
				ENABLE_HARDENED_RUNTIME = YES;
				ENABLE_PREVIEWS = YES;
				GENERATE_INFOPLIST_FILE = YES;
				INFOPLIST_FILE = SPISearch/Info.plist;
				INFOPLIST_KEY_CFBundleDisplayName = SPISearch;
				INFOPLIST_KEY_LSApplicationCategoryType = "public.app-category.utilities";
				"INFOPLIST_KEY_UILaunchScreen_Generation[sdk=iphoneos*]" = YES;
				"INFOPLIST_KEY_UILaunchScreen_Generation[sdk=iphonesimulator*]" = YES;
				INFOPLIST_KEY_UISupportedInterfaceOrientations_iPad = "UIInterfaceOrientationPortrait UIInterfaceOrientationPortraitUpsideDown UIInterfaceOrientationLandscapeLeft UIInterfaceOrientationLandscapeRight";
				INFOPLIST_KEY_UISupportedInterfaceOrientations_iPhone = "UIInterfaceOrientationPortrait UIInterfaceOrientationLandscapeLeft UIInterfaceOrientationLandscapeRight";
				LD_RUNPATH_SEARCH_PATHS = "@executable_path/Frameworks";
				"LD_RUNPATH_SEARCH_PATHS[sdk=macosx*]" = "@executable_path/../Frameworks";
				MARKETING_VERSION = 2.0;
				PRODUCT_BUNDLE_IDENTIFIER = com.rhonabwy.SPISearch;
				PRODUCT_NAME = "$(TARGET_NAME)";
				SDKROOT = iphoneos;
				SUPPORTED_PLATFORMS = "iphoneos iphonesimulator macosx";
				SUPPORTS_MACCATALYST = NO;
				SUPPORTS_MAC_DESIGNED_FOR_IPHONE_IPAD = NO;
				SWIFT_EMIT_LOC_STRINGS = YES;
				SWIFT_VERSION = 5.0;
				TARGETED_DEVICE_FAMILY = "1,2";
			};
			name = Debug;
		};
		1A1650512870F99000AC4DB2 /* Release */ = {
			isa = XCBuildConfiguration;
			buildSettings = {
				ASSETCATALOG_COMPILER_APPICON_NAME = AppIcon;
				ASSETCATALOG_COMPILER_GLOBAL_ACCENT_COLOR_NAME = AccentColor;
				CODE_SIGN_ENTITLEMENTS = SPISearch/SPISearch.entitlements;
				CODE_SIGN_IDENTITY = "-";
				"CODE_SIGN_IDENTITY[sdk=iphoneos*]" = "Apple Development";
				"CODE_SIGN_IDENTITY[sdk=macosx*]" = "-";
				CODE_SIGN_STYLE = Automatic;
				CURRENT_PROJECT_VERSION = 1;
				DEVELOPMENT_ASSET_PATHS = "\"SPISearch/Preview Content\"";
				DEVELOPMENT_TEAM = BDV4VC27D3;
				ENABLE_HARDENED_RUNTIME = YES;
				ENABLE_PREVIEWS = YES;
				GENERATE_INFOPLIST_FILE = YES;
				INFOPLIST_FILE = SPISearch/Info.plist;
				INFOPLIST_KEY_CFBundleDisplayName = SPISearch;
				INFOPLIST_KEY_LSApplicationCategoryType = "public.app-category.utilities";
				"INFOPLIST_KEY_UILaunchScreen_Generation[sdk=iphoneos*]" = YES;
				"INFOPLIST_KEY_UILaunchScreen_Generation[sdk=iphonesimulator*]" = YES;
				INFOPLIST_KEY_UISupportedInterfaceOrientations_iPad = "UIInterfaceOrientationPortrait UIInterfaceOrientationPortraitUpsideDown UIInterfaceOrientationLandscapeLeft UIInterfaceOrientationLandscapeRight";
				INFOPLIST_KEY_UISupportedInterfaceOrientations_iPhone = "UIInterfaceOrientationPortrait UIInterfaceOrientationLandscapeLeft UIInterfaceOrientationLandscapeRight";
				LD_RUNPATH_SEARCH_PATHS = "@executable_path/Frameworks";
				"LD_RUNPATH_SEARCH_PATHS[sdk=macosx*]" = "@executable_path/../Frameworks";
				MARKETING_VERSION = 2.0;
				PRODUCT_BUNDLE_IDENTIFIER = com.rhonabwy.SPISearch;
				PRODUCT_NAME = "$(TARGET_NAME)";
				SDKROOT = iphoneos;
				SUPPORTED_PLATFORMS = "iphoneos iphonesimulator macosx";
				SUPPORTS_MACCATALYST = NO;
				SUPPORTS_MAC_DESIGNED_FOR_IPHONE_IPAD = NO;
				SWIFT_EMIT_LOC_STRINGS = YES;
				SWIFT_VERSION = 5.0;
				TARGETED_DEVICE_FAMILY = "1,2";
			};
			name = Release;
		};
		1A372C96287C61A30020CFAC /* Debug */ = {
			isa = XCBuildConfiguration;
			buildSettings = {
				ASSETCATALOG_COMPILER_APPICON_NAME = AppIcon;
				CLANG_CXX_LANGUAGE_STANDARD = "gnu++20";
				CODE_SIGN_IDENTITY = "-";
				CODE_SIGN_STYLE = Automatic;
				CURRENT_PROJECT_VERSION = 7;
				DEAD_CODE_STRIPPING = YES;
				DEVELOPMENT_TEAM = BDV4VC27D3;
				ENABLE_HARDENED_RUNTIME = YES;
				INFOPLIST_KEY_CFBundleDisplayName = SPISearch;
				MARKETING_VERSION = 1.0;
				PRODUCT_BUNDLE_IDENTIFIER = com.rhonabwy.ReportSearch;
				PRODUCT_NAME = "$(TARGET_NAME)";
				SDKROOT = macosx;
				SWIFT_VERSION = 5.0;
			};
			name = Debug;
		};
		1A372C97287C61A30020CFAC /* Release */ = {
			isa = XCBuildConfiguration;
			buildSettings = {
				ASSETCATALOG_COMPILER_APPICON_NAME = AppIcon;
				CLANG_CXX_LANGUAGE_STANDARD = "gnu++20";
				CODE_SIGN_IDENTITY = "-";
				CODE_SIGN_STYLE = Automatic;
				CURRENT_PROJECT_VERSION = 7;
				DEAD_CODE_STRIPPING = YES;
				DEVELOPMENT_TEAM = BDV4VC27D3;
				ENABLE_HARDENED_RUNTIME = YES;
				INFOPLIST_KEY_CFBundleDisplayName = SPISearch;
				MARKETING_VERSION = 1.0;
				PRODUCT_BUNDLE_IDENTIFIER = com.rhonabwy.ReportSearch;
				PRODUCT_NAME = "$(TARGET_NAME)";
				SDKROOT = macosx;
				SWIFT_VERSION = 5.0;
			};
			name = Release;
		};
		1A6E759B2B1FDA64004A1A17 /* Debug */ = {
			isa = XCBuildConfiguration;
			buildSettings = {
				CLANG_CXX_LANGUAGE_STANDARD = "gnu++20";
				"CODE_SIGN_IDENTITY[sdk=macosx*]" = "-";
				CODE_SIGN_STYLE = Automatic;
				DEVELOPMENT_TEAM = BDV4VC27D3;
				ENABLE_HARDENED_RUNTIME = YES;
				GCC_C_LANGUAGE_STANDARD = gnu17;
				LOCALIZATION_PREFERS_STRING_CATALOGS = YES;
				PRODUCT_BUNDLE_IDENTIFIER = com.rhonabwy.CaptureSearches;
				PRODUCT_NAME = "$(TARGET_NAME)";
				SDKROOT = macosx;
				SWIFT_ACTIVE_COMPILATION_CONDITIONS = "DEBUG $(inherited)";
				SWIFT_VERSION = 5.0;
			};
			name = Debug;
		};
		1A6E759C2B1FDA64004A1A17 /* Release */ = {
			isa = XCBuildConfiguration;
			buildSettings = {
				CLANG_CXX_LANGUAGE_STANDARD = "gnu++20";
				"CODE_SIGN_IDENTITY[sdk=macosx*]" = "-";
				CODE_SIGN_STYLE = Automatic;
				DEVELOPMENT_TEAM = BDV4VC27D3;
				ENABLE_HARDENED_RUNTIME = YES;
				GCC_C_LANGUAGE_STANDARD = gnu17;
				LOCALIZATION_PREFERS_STRING_CATALOGS = YES;
				PRODUCT_BUNDLE_IDENTIFIER = com.rhonabwy.CaptureSearches;
				PRODUCT_NAME = "$(TARGET_NAME)";
				SDKROOT = macosx;
				SWIFT_VERSION = 5.0;
			};
			name = Release;
		};
		1AC5538428736A590050F0D6 /* Debug */ = {
			isa = XCBuildConfiguration;
			buildSettings = {
				ASSETCATALOG_COMPILER_APPICON_NAME = AppIcon;
				BUNDLE_LOADER = "$(TEST_HOST)";
				CODE_SIGN_IDENTITY = "-";
				"CODE_SIGN_IDENTITY[sdk=macosx*]" = "-";
				CODE_SIGN_STYLE = Automatic;
				CURRENT_PROJECT_VERSION = 8;
				DEAD_CODE_STRIPPING = YES;
				DEVELOPMENT_TEAM = BDV4VC27D3;
				GENERATE_INFOPLIST_FILE = YES;
				INFOPLIST_KEY_CFBundleDisplayName = SPISearch;
				MARKETING_VERSION = 1.0;
				PRODUCT_BUNDLE_IDENTIFIER = com.rhonabwy.SPISearchTests;
				PRODUCT_NAME = "$(TARGET_NAME)";
				SDKROOT = macosx;
				SUPPORTED_PLATFORMS = "iphoneos iphonesimulator macosx";
				SWIFT_EMIT_LOC_STRINGS = NO;
				SWIFT_VERSION = 5.0;
				TARGETED_DEVICE_FAMILY = "1,2";
				TEST_HOST = "$(BUILT_PRODUCTS_DIR)/SPISearch.app/$(BUNDLE_EXECUTABLE_FOLDER_PATH)/SPISearch";
			};
			name = Debug;
		};
		1AC5538528736A590050F0D6 /* Release */ = {
			isa = XCBuildConfiguration;
			buildSettings = {
				ASSETCATALOG_COMPILER_APPICON_NAME = AppIcon;
				BUNDLE_LOADER = "$(TEST_HOST)";
				CODE_SIGN_IDENTITY = "-";
				"CODE_SIGN_IDENTITY[sdk=macosx*]" = "-";
				CODE_SIGN_STYLE = Automatic;
				CURRENT_PROJECT_VERSION = 8;
				DEAD_CODE_STRIPPING = YES;
				DEVELOPMENT_TEAM = BDV4VC27D3;
				GENERATE_INFOPLIST_FILE = YES;
				INFOPLIST_KEY_CFBundleDisplayName = SPISearch;
				MARKETING_VERSION = 1.0;
				PRODUCT_BUNDLE_IDENTIFIER = com.rhonabwy.SPISearchTests;
				PRODUCT_NAME = "$(TARGET_NAME)";
				SDKROOT = macosx;
				SUPPORTED_PLATFORMS = "iphoneos iphonesimulator macosx";
				SWIFT_EMIT_LOC_STRINGS = NO;
				SWIFT_VERSION = 5.0;
				TARGETED_DEVICE_FAMILY = "1,2";
				TEST_HOST = "$(BUILT_PRODUCTS_DIR)/SPISearch.app/$(BUNDLE_EXECUTABLE_FOLDER_PATH)/SPISearch";
			};
			name = Release;
		};
/* End XCBuildConfiguration section */

/* Begin XCConfigurationList section */
		1A16503B2870F98F00AC4DB2 /* Build configuration list for PBXProject "SPISearch" */ = {
			isa = XCConfigurationList;
			buildConfigurations = (
				1A16504D2870F99000AC4DB2 /* Debug */,
				1A16504E2870F99000AC4DB2 /* Release */,
			);
			defaultConfigurationIsVisible = 0;
			defaultConfigurationName = Release;
		};
		1A16504F2870F99000AC4DB2 /* Build configuration list for PBXNativeTarget "SPISearch" */ = {
			isa = XCConfigurationList;
			buildConfigurations = (
				1A1650502870F99000AC4DB2 /* Debug */,
				1A1650512870F99000AC4DB2 /* Release */,
			);
			defaultConfigurationIsVisible = 0;
			defaultConfigurationName = Release;
		};
		1A372C95287C61A30020CFAC /* Build configuration list for PBXNativeTarget "ReportSearch" */ = {
			isa = XCConfigurationList;
			buildConfigurations = (
				1A372C96287C61A30020CFAC /* Debug */,
				1A372C97287C61A30020CFAC /* Release */,
			);
			defaultConfigurationIsVisible = 0;
			defaultConfigurationName = Release;
		};
		1A6E759D2B1FDA64004A1A17 /* Build configuration list for PBXNativeTarget "CaptureSearches" */ = {
			isa = XCConfigurationList;
			buildConfigurations = (
				1A6E759B2B1FDA64004A1A17 /* Debug */,
				1A6E759C2B1FDA64004A1A17 /* Release */,
			);
			defaultConfigurationIsVisible = 0;
			defaultConfigurationName = Release;
		};
		1AC5538328736A590050F0D6 /* Build configuration list for PBXNativeTarget "SPISearchTests" */ = {
			isa = XCConfigurationList;
			buildConfigurations = (
				1AC5538428736A590050F0D6 /* Debug */,
				1AC5538528736A590050F0D6 /* Release */,
			);
			defaultConfigurationIsVisible = 0;
			defaultConfigurationName = Release;
		};
/* End XCConfigurationList section */

/* Begin XCRemoteSwiftPackageReference section */
		1A1650522870F9B700AC4DB2 /* XCRemoteSwiftPackageReference "SwiftSoup" */ = {
			isa = XCRemoteSwiftPackageReference;
			repositoryURL = "https://github.com/scinfu/SwiftSoup.git";
			requirement = {
				kind = upToNextMajorVersion;
				minimumVersion = 2.0.0;
			};
		};
		1A2B94F72B195C94005B92E1 /* XCRemoteSwiftPackageReference "swift-collections" */ = {
			isa = XCRemoteSwiftPackageReference;
			repositoryURL = "https://github.com/apple/swift-collections.git";
			requirement = {
				kind = upToNextMajorVersion;
				minimumVersion = 1.0.5;
			};
		};
		1AD6D6BE2B0EDFBE00A4A61A /* XCRemoteSwiftPackageReference "KeychainAccess" */ = {
			isa = XCRemoteSwiftPackageReference;
			repositoryURL = "https://github.com/kishikawakatsumi/KeychainAccess";
			requirement = {
				kind = upToNextMajorVersion;
				minimumVersion = 4.0.0;
			};
		};
		1AEDE79A287BA55A009B1CA4 /* XCRemoteSwiftPackageReference "swift-argument-parser" */ = {
			isa = XCRemoteSwiftPackageReference;
			repositoryURL = "https://github.com/apple/swift-argument-parser.git";
			requirement = {
				kind = upToNextMajorVersion;
				minimumVersion = 1.0.0;
			};
		};
		1AFF37DC2B1D51CE009E518B /* XCRemoteSwiftPackageReference "SPISearchResult" */ = {
			isa = XCRemoteSwiftPackageReference;
			repositoryURL = "https://github.com/heckj/SPISearchResult";
			requirement = {
				kind = upToNextMajorVersion;
				minimumVersion = 0.0.1;
			};
		};
/* End XCRemoteSwiftPackageReference section */

/* Begin XCSwiftPackageProductDependency section */
		1A1650532870F9B700AC4DB2 /* SwiftSoup */ = {
			isa = XCSwiftPackageProductDependency;
			package = 1A1650522870F9B700AC4DB2 /* XCRemoteSwiftPackageReference "SwiftSoup" */;
			productName = SwiftSoup;
		};
		1A2B94F82B195C94005B92E1 /* Collections */ = {
			isa = XCSwiftPackageProductDependency;
			package = 1A2B94F72B195C94005B92E1 /* XCRemoteSwiftPackageReference "swift-collections" */;
			productName = Collections;
		};
		1A2B94FA2B195C94005B92E1 /* DequeModule */ = {
			isa = XCSwiftPackageProductDependency;
			package = 1A2B94F72B195C94005B92E1 /* XCRemoteSwiftPackageReference "swift-collections" */;
			productName = DequeModule;
		};
		1A372C99287C62070020CFAC /* ArgumentParser */ = {
			isa = XCSwiftPackageProductDependency;
			package = 1AEDE79A287BA55A009B1CA4 /* XCRemoteSwiftPackageReference "swift-argument-parser" */;
			productName = ArgumentParser;
		};
		1A372CA2287C63F70020CFAC /* SwiftSoup */ = {
			isa = XCSwiftPackageProductDependency;
			package = 1A1650522870F9B700AC4DB2 /* XCRemoteSwiftPackageReference "SwiftSoup" */;
			productName = SwiftSoup;
		};
		1A6E759E2B1FDAA2004A1A17 /* ArgumentParser */ = {
			isa = XCSwiftPackageProductDependency;
			package = 1AEDE79A287BA55A009B1CA4 /* XCRemoteSwiftPackageReference "swift-argument-parser" */;
			productName = ArgumentParser;
		};
		1A6E75A02B1FDAB8004A1A17 /* SPISearchResult */ = {
			isa = XCSwiftPackageProductDependency;
			package = 1AFF37DC2B1D51CE009E518B /* XCRemoteSwiftPackageReference "SPISearchResult" */;
			productName = SPISearchResult;
		};
		1A6E75A92B1FDC8E004A1A17 /* Collections */ = {
			isa = XCSwiftPackageProductDependency;
			package = 1A2B94F72B195C94005B92E1 /* XCRemoteSwiftPackageReference "swift-collections" */;
			productName = Collections;
		};
		1ABC74C12B19697000B7E6EB /* Collections */ = {
			isa = XCSwiftPackageProductDependency;
			package = 1A2B94F72B195C94005B92E1 /* XCRemoteSwiftPackageReference "swift-collections" */;
			productName = Collections;
		};
		1AD6D6BF2B0EDFBE00A4A61A /* KeychainAccess */ = {
			isa = XCSwiftPackageProductDependency;
			package = 1AD6D6BE2B0EDFBE00A4A61A /* XCRemoteSwiftPackageReference "KeychainAccess" */;
			productName = KeychainAccess;
		};
		1AE699EF2B2009FC008CB0F6 /* SPISearchResult */ = {
			isa = XCSwiftPackageProductDependency;
			package = 1AFF37DC2B1D51CE009E518B /* XCRemoteSwiftPackageReference "SPISearchResult" */;
			productName = SPISearchResult;
		};
		1AEDE79B287BA55A009B1CA4 /* ArgumentParser */ = {
			isa = XCSwiftPackageProductDependency;
			package = 1AEDE79A287BA55A009B1CA4 /* XCRemoteSwiftPackageReference "swift-argument-parser" */;
			productName = ArgumentParser;
		};
		1AFF37DD2B1D51CE009E518B /* SPISearchResult */ = {
			isa = XCSwiftPackageProductDependency;
			package = 1AFF37DC2B1D51CE009E518B /* XCRemoteSwiftPackageReference "SPISearchResult" */;
			productName = SPISearchResult;
		};
/* End XCSwiftPackageProductDependency section */
	};
	rootObject = 1A1650382870F98F00AC4DB2 /* Project object */;
}
