// !$*UTF8*$!
{
	archiveVersion = 1;
	classes = {
	};
	objectVersion = 56;
	objects = {

/* Begin PBXBuildFile section */
		1A1650442870F98F00AC4DB2 /* SPISearchApp.swift in Sources */ = {isa = PBXBuildFile; fileRef = 1A1650432870F98F00AC4DB2 /* SPISearchApp.swift */; };
		1A1650482870F99000AC4DB2 /* Assets.xcassets in Resources */ = {isa = PBXBuildFile; fileRef = 1A1650472870F99000AC4DB2 /* Assets.xcassets */; };
		1A16504C2870F99000AC4DB2 /* Preview Assets.xcassets in Resources */ = {isa = PBXBuildFile; fileRef = 1A16504B2870F99000AC4DB2 /* Preview Assets.xcassets */; };
		1A1650542870F9B700AC4DB2 /* SwiftSoup in Frameworks */ = {isa = PBXBuildFile; productRef = 1A1650532870F9B700AC4DB2 /* SwiftSoup */; };
		1A1CBC9528734A7A0033EE43 /* Documentation.docc in Sources */ = {isa = PBXBuildFile; fileRef = 1A1CBC9428734A7A0033EE43 /* Documentation.docc */; };
		1A7850012873380B00AFB33F /* SearchRankDocument.swift in Sources */ = {isa = PBXBuildFile; fileRef = 1A7850002873380B00AFB33F /* SearchRankDocument.swift */; };
		1A78500328733B5500AFB33F /* SearchRank.swift in Sources */ = {isa = PBXBuildFile; fileRef = 1A78500228733B5500AFB33F /* SearchRank.swift */; };
		1A78500528733F0500AFB33F /* SearchRankEditorView.swift in Sources */ = {isa = PBXBuildFile; fileRef = 1A78500428733F0500AFB33F /* SearchRankEditorView.swift */; };
		1A789D7728721EE700E8108A /* PackageSearchResultView.swift in Sources */ = {isa = PBXBuildFile; fileRef = 1A789D7628721EE700E8108A /* PackageSearchResultView.swift */; };
		1A7FD6AB2873797E008C76AB /* RelevanceRecord.swift in Sources */ = {isa = PBXBuildFile; fileRef = 1A7FD6AA2873797E008C76AB /* RelevanceRecord.swift */; };
		1A8144AA2872056300F58B48 /* CapsuleText.swift in Sources */ = {isa = PBXBuildFile; fileRef = 1A8144A92872056300F58B48 /* CapsuleText.swift */; };
		1A8144AC28720E7000F58B48 /* SearchResultSetView.swift in Sources */ = {isa = PBXBuildFile; fileRef = 1A8144AB28720E7000F58B48 /* SearchResultSetView.swift */; };
		1A8144AE287218F900F58B48 /* RelevanceReview.swift in Sources */ = {isa = PBXBuildFile; fileRef = 1A8144AD287218F900F58B48 /* RelevanceReview.swift */; };
		1AC55376287362BE0050F0D6 /* SearchResultSet.swift in Sources */ = {isa = PBXBuildFile; fileRef = 1AC55375287362BE0050F0D6 /* SearchResultSet.swift */; };
		1AC5538028736A590050F0D6 /* SPISearchTests.swift in Sources */ = {isa = PBXBuildFile; fileRef = 1AC5537F28736A590050F0D6 /* SPISearchTests.swift */; };
		1AC90C4F2871FB5600254B83 /* SPISearchParser.swift in Sources */ = {isa = PBXBuildFile; fileRef = 1AC90C4E2871FB5600254B83 /* SPISearchParser.swift */; };
		1AE2268328725560008C4ED1 /* SearchingView.swift in Sources */ = {isa = PBXBuildFile; fileRef = 1AE2268228725560008C4ED1 /* SearchingView.swift */; };
/* End PBXBuildFile section */

/* Begin PBXContainerItemProxy section */
		1AC5538128736A590050F0D6 /* PBXContainerItemProxy */ = {
			isa = PBXContainerItemProxy;
			containerPortal = 1A1650382870F98F00AC4DB2 /* Project object */;
			proxyType = 1;
			remoteGlobalIDString = 1A16503F2870F98F00AC4DB2;
			remoteInfo = SPISearch;
		};
/* End PBXContainerItemProxy section */

/* Begin PBXFileReference section */
		1A1650402870F98F00AC4DB2 /* SPISearch.app */ = {isa = PBXFileReference; explicitFileType = wrapper.application; includeInIndex = 0; path = SPISearch.app; sourceTree = BUILT_PRODUCTS_DIR; };
		1A1650432870F98F00AC4DB2 /* SPISearchApp.swift */ = {isa = PBXFileReference; lastKnownFileType = sourcecode.swift; path = SPISearchApp.swift; sourceTree = "<group>"; };
		1A1650472870F99000AC4DB2 /* Assets.xcassets */ = {isa = PBXFileReference; lastKnownFileType = folder.assetcatalog; path = Assets.xcassets; sourceTree = "<group>"; };
		1A1650492870F99000AC4DB2 /* SPISearch.entitlements */ = {isa = PBXFileReference; lastKnownFileType = text.plist.entitlements; path = SPISearch.entitlements; sourceTree = "<group>"; };
		1A16504B2870F99000AC4DB2 /* Preview Assets.xcassets */ = {isa = PBXFileReference; lastKnownFileType = folder.assetcatalog; path = "Preview Assets.xcassets"; sourceTree = "<group>"; };
		1A1650552871014E00AC4DB2 /* Info.plist */ = {isa = PBXFileReference; lastKnownFileType = text.plist; path = Info.plist; sourceTree = "<group>"; };
		1A1CBC9428734A7A0033EE43 /* Documentation.docc */ = {isa = PBXFileReference; lastKnownFileType = folder.documentationcatalog; path = Documentation.docc; sourceTree = "<group>"; };
		1A7850002873380B00AFB33F /* SearchRankDocument.swift */ = {isa = PBXFileReference; lastKnownFileType = sourcecode.swift; path = SearchRankDocument.swift; sourceTree = "<group>"; };
		1A78500228733B5500AFB33F /* SearchRank.swift */ = {isa = PBXFileReference; lastKnownFileType = sourcecode.swift; path = SearchRank.swift; sourceTree = "<group>"; };
		1A78500428733F0500AFB33F /* SearchRankEditorView.swift */ = {isa = PBXFileReference; lastKnownFileType = sourcecode.swift; path = SearchRankEditorView.swift; sourceTree = "<group>"; };
		1A789D7628721EE700E8108A /* PackageSearchResultView.swift */ = {isa = PBXFileReference; lastKnownFileType = sourcecode.swift; path = PackageSearchResultView.swift; sourceTree = "<group>"; };
		1A7FD6AA2873797E008C76AB /* RelevanceRecord.swift */ = {isa = PBXFileReference; lastKnownFileType = sourcecode.swift; path = RelevanceRecord.swift; sourceTree = "<group>"; };
		1A8144A92872056300F58B48 /* CapsuleText.swift */ = {isa = PBXFileReference; lastKnownFileType = sourcecode.swift; path = CapsuleText.swift; sourceTree = "<group>"; };
		1A8144AB28720E7000F58B48 /* SearchResultSetView.swift */ = {isa = PBXFileReference; lastKnownFileType = sourcecode.swift; path = SearchResultSetView.swift; sourceTree = "<group>"; };
		1A8144AD287218F900F58B48 /* RelevanceReview.swift */ = {isa = PBXFileReference; lastKnownFileType = sourcecode.swift; path = RelevanceReview.swift; sourceTree = "<group>"; };
		1AC55375287362BE0050F0D6 /* SearchResultSet.swift */ = {isa = PBXFileReference; lastKnownFileType = sourcecode.swift; path = SearchResultSet.swift; sourceTree = "<group>"; };
		1AC5537D28736A590050F0D6 /* SPISearchTests.xctest */ = {isa = PBXFileReference; explicitFileType = wrapper.cfbundle; includeInIndex = 0; path = SPISearchTests.xctest; sourceTree = BUILT_PRODUCTS_DIR; };
		1AC5537F28736A590050F0D6 /* SPISearchTests.swift */ = {isa = PBXFileReference; lastKnownFileType = sourcecode.swift; path = SPISearchTests.swift; sourceTree = "<group>"; };
		1AC90C4E2871FB5600254B83 /* SPISearchParser.swift */ = {isa = PBXFileReference; lastKnownFileType = sourcecode.swift; path = SPISearchParser.swift; sourceTree = "<group>"; };
		1ADA990F287106AD008FACDF /* README.md */ = {isa = PBXFileReference; lastKnownFileType = net.daringfireball.markdown; path = README.md; sourceTree = "<group>"; };
		1AE2268228725560008C4ED1 /* SearchingView.swift */ = {isa = PBXFileReference; lastKnownFileType = sourcecode.swift; path = SearchingView.swift; sourceTree = "<group>"; };
/* End PBXFileReference section */

/* Begin PBXFrameworksBuildPhase section */
		1A16503D2870F98F00AC4DB2 /* Frameworks */ = {
			isa = PBXFrameworksBuildPhase;
			buildActionMask = 2147483647;
			files = (
				1A1650542870F9B700AC4DB2 /* SwiftSoup in Frameworks */,
			);
			runOnlyForDeploymentPostprocessing = 0;
		};
		1AC5537A28736A590050F0D6 /* Frameworks */ = {
			isa = PBXFrameworksBuildPhase;
			buildActionMask = 2147483647;
			files = (
			);
			runOnlyForDeploymentPostprocessing = 0;
		};
/* End PBXFrameworksBuildPhase section */

/* Begin PBXGroup section */
		1A1650372870F98F00AC4DB2 = {
			isa = PBXGroup;
			children = (
				1ADA990F287106AD008FACDF /* README.md */,
				1A1650422870F98F00AC4DB2 /* SPISearch */,
				1AC5537E28736A590050F0D6 /* SPISearchTests */,
				1A1650412870F98F00AC4DB2 /* Products */,
			);
			sourceTree = "<group>";
		};
		1A1650412870F98F00AC4DB2 /* Products */ = {
			isa = PBXGroup;
			children = (
				1A1650402870F98F00AC4DB2 /* SPISearch.app */,
				1AC5537D28736A590050F0D6 /* SPISearchTests.xctest */,
			);
			name = Products;
			sourceTree = "<group>";
		};
		1A1650422870F98F00AC4DB2 /* SPISearch */ = {
			isa = PBXGroup;
			children = (
				1A1650432870F98F00AC4DB2 /* SPISearchApp.swift */,
				1AC90C4E2871FB5600254B83 /* SPISearchParser.swift */,
				1AC55377287363610050F0D6 /* Views */,
				1AC55374287362930050F0D6 /* Model */,
				1AC55378287363930050F0D6 /* Supplemental Views */,
				1A1650552871014E00AC4DB2 /* Info.plist */,
				1A1650472870F99000AC4DB2 /* Assets.xcassets */,
				1A1650492870F99000AC4DB2 /* SPISearch.entitlements */,
				1A16504A2870F99000AC4DB2 /* Preview Content */,
				1A1CBC9428734A7A0033EE43 /* Documentation.docc */,
			);
			path = SPISearch;
			sourceTree = "<group>";
		};
		1A16504A2870F99000AC4DB2 /* Preview Content */ = {
			isa = PBXGroup;
			children = (
				1A16504B2870F99000AC4DB2 /* Preview Assets.xcassets */,
			);
			path = "Preview Content";
			sourceTree = "<group>";
		};
		1AC55374287362930050F0D6 /* Model */ = {
			isa = PBXGroup;
			children = (
				1A78500228733B5500AFB33F /* SearchRank.swift */,
				1A7FD6AA2873797E008C76AB /* RelevanceRecord.swift */,
				1AC55375287362BE0050F0D6 /* SearchResultSet.swift */,
				1A7850002873380B00AFB33F /* SearchRankDocument.swift */,
			);
			path = Model;
			sourceTree = "<group>";
		};
		1AC55377287363610050F0D6 /* Views */ = {
			isa = PBXGroup;
			children = (
				1AE2268228725560008C4ED1 /* SearchingView.swift */,
				1A8144AB28720E7000F58B48 /* SearchResultSetView.swift */,
				1A789D7628721EE700E8108A /* PackageSearchResultView.swift */,
				1A8144AD287218F900F58B48 /* RelevanceReview.swift */,
				1A78500428733F0500AFB33F /* SearchRankEditorView.swift */,
			);
			path = Views;
			sourceTree = "<group>";
		};
		1AC55378287363930050F0D6 /* Supplemental Views */ = {
			isa = PBXGroup;
			children = (
				1A8144A92872056300F58B48 /* CapsuleText.swift */,
			);
			path = "Supplemental Views";
			sourceTree = "<group>";
		};
		1AC5537E28736A590050F0D6 /* SPISearchTests */ = {
			isa = PBXGroup;
			children = (
				1AC5537F28736A590050F0D6 /* SPISearchTests.swift */,
			);
			path = SPISearchTests;
			sourceTree = "<group>";
		};
/* End PBXGroup section */

/* Begin PBXNativeTarget section */
		1A16503F2870F98F00AC4DB2 /* SPISearch */ = {
			isa = PBXNativeTarget;
			buildConfigurationList = 1A16504F2870F99000AC4DB2 /* Build configuration list for PBXNativeTarget "SPISearch" */;
			buildPhases = (
				1A16503C2870F98F00AC4DB2 /* Sources */,
				1A16503D2870F98F00AC4DB2 /* Frameworks */,
				1A16503E2870F98F00AC4DB2 /* Resources */,
			);
			buildRules = (
			);
			dependencies = (
			);
			name = SPISearch;
			packageProductDependencies = (
				1A1650532870F9B700AC4DB2 /* SwiftSoup */,
			);
			productName = SPISearch;
			productReference = 1A1650402870F98F00AC4DB2 /* SPISearch.app */;
			productType = "com.apple.product-type.application";
		};
		1AC5537C28736A590050F0D6 /* SPISearchTests */ = {
			isa = PBXNativeTarget;
			buildConfigurationList = 1AC5538328736A590050F0D6 /* Build configuration list for PBXNativeTarget "SPISearchTests" */;
			buildPhases = (
				1AC5537928736A590050F0D6 /* Sources */,
				1AC5537A28736A590050F0D6 /* Frameworks */,
				1AC5537B28736A590050F0D6 /* Resources */,
			);
			buildRules = (
			);
			dependencies = (
				1AC5538228736A590050F0D6 /* PBXTargetDependency */,
			);
			name = SPISearchTests;
			productName = SPISearchTests;
			productReference = 1AC5537D28736A590050F0D6 /* SPISearchTests.xctest */;
			productType = "com.apple.product-type.bundle.unit-test";
		};
/* End PBXNativeTarget section */

/* Begin PBXProject section */
		1A1650382870F98F00AC4DB2 /* Project object */ = {
			isa = PBXProject;
			attributes = {
				BuildIndependentTargetsInParallel = 1;
				LastSwiftUpdateCheck = 1400;
				LastUpgradeCheck = 1400;
				TargetAttributes = {
					1A16503F2870F98F00AC4DB2 = {
						CreatedOnToolsVersion = 14.0;
					};
					1AC5537C28736A590050F0D6 = {
						CreatedOnToolsVersion = 14.0;
						TestTargetID = 1A16503F2870F98F00AC4DB2;
					};
				};
			};
			buildConfigurationList = 1A16503B2870F98F00AC4DB2 /* Build configuration list for PBXProject "SPISearch" */;
			compatibilityVersion = "Xcode 14.0";
			developmentRegion = en;
			hasScannedForEncodings = 0;
			knownRegions = (
				en,
				Base,
			);
			mainGroup = 1A1650372870F98F00AC4DB2;
			packageReferences = (
				1A1650522870F9B700AC4DB2 /* XCRemoteSwiftPackageReference "SwiftSoup" */,
			);
			productRefGroup = 1A1650412870F98F00AC4DB2 /* Products */;
			projectDirPath = "";
			projectRoot = "";
			targets = (
				1A16503F2870F98F00AC4DB2 /* SPISearch */,
				1AC5537C28736A590050F0D6 /* SPISearchTests */,
			);
		};
/* End PBXProject section */

/* Begin PBXResourcesBuildPhase section */
		1A16503E2870F98F00AC4DB2 /* Resources */ = {
			isa = PBXResourcesBuildPhase;
			buildActionMask = 2147483647;
			files = (
				1A16504C2870F99000AC4DB2 /* Preview Assets.xcassets in Resources */,
				1A1650482870F99000AC4DB2 /* Assets.xcassets in Resources */,
			);
			runOnlyForDeploymentPostprocessing = 0;
		};
		1AC5537B28736A590050F0D6 /* Resources */ = {
			isa = PBXResourcesBuildPhase;
			buildActionMask = 2147483647;
			files = (
			);
			runOnlyForDeploymentPostprocessing = 0;
		};
/* End PBXResourcesBuildPhase section */

/* Begin PBXSourcesBuildPhase section */
		1A16503C2870F98F00AC4DB2 /* Sources */ = {
			isa = PBXSourcesBuildPhase;
			buildActionMask = 2147483647;
			files = (
				1A789D7728721EE700E8108A /* PackageSearchResultView.swift in Sources */,
				1A1650442870F98F00AC4DB2 /* SPISearchApp.swift in Sources */,
				1A1CBC9528734A7A0033EE43 /* Documentation.docc in Sources */,
				1A78500528733F0500AFB33F /* SearchRankEditorView.swift in Sources */,
				1A8144AC28720E7000F58B48 /* SearchResultSetView.swift in Sources */,
				1A78500328733B5500AFB33F /* SearchRank.swift in Sources */,
				1A7850012873380B00AFB33F /* SearchRankDocument.swift in Sources */,
				1A8144AA2872056300F58B48 /* CapsuleText.swift in Sources */,
				1A7FD6AB2873797E008C76AB /* RelevanceRecord.swift in Sources */,
				1AE2268328725560008C4ED1 /* SearchingView.swift in Sources */,
				1AC55376287362BE0050F0D6 /* SearchResultSet.swift in Sources */,
				1AC90C4F2871FB5600254B83 /* SPISearchParser.swift in Sources */,
				1A8144AE287218F900F58B48 /* RelevanceReview.swift in Sources */,
			);
			runOnlyForDeploymentPostprocessing = 0;
		};
		1AC5537928736A590050F0D6 /* Sources */ = {
			isa = PBXSourcesBuildPhase;
			buildActionMask = 2147483647;
			files = (
				1AC5538028736A590050F0D6 /* SPISearchTests.swift in Sources */,
			);
			runOnlyForDeploymentPostprocessing = 0;
		};
/* End PBXSourcesBuildPhase section */

/* Begin PBXTargetDependency section */
		1AC5538228736A590050F0D6 /* PBXTargetDependency */ = {
			isa = PBXTargetDependency;
			target = 1A16503F2870F98F00AC4DB2 /* SPISearch */;
			targetProxy = 1AC5538128736A590050F0D6 /* PBXContainerItemProxy */;
		};
/* End PBXTargetDependency section */

/* Begin XCBuildConfiguration section */
		1A16504D2870F99000AC4DB2 /* Debug */ = {
			isa = XCBuildConfiguration;
			buildSettings = {
				ALWAYS_SEARCH_USER_PATHS = NO;
				CLANG_ANALYZER_NONNULL = YES;
				CLANG_ANALYZER_NUMBER_OBJECT_CONVERSION = YES_AGGRESSIVE;
				CLANG_CXX_LANGUAGE_STANDARD = "gnu++17";
				CLANG_ENABLE_MODULES = YES;
				CLANG_ENABLE_OBJC_ARC = YES;
				CLANG_ENABLE_OBJC_WEAK = YES;
				CLANG_WARN_BLOCK_CAPTURE_AUTORELEASING = YES;
				CLANG_WARN_BOOL_CONVERSION = YES;
				CLANG_WARN_COMMA = YES;
				CLANG_WARN_CONSTANT_CONVERSION = YES;
				CLANG_WARN_DEPRECATED_OBJC_IMPLEMENTATIONS = YES;
				CLANG_WARN_DIRECT_OBJC_ISA_USAGE = YES_ERROR;
				CLANG_WARN_DOCUMENTATION_COMMENTS = YES;
				CLANG_WARN_EMPTY_BODY = YES;
				CLANG_WARN_ENUM_CONVERSION = YES;
				CLANG_WARN_INFINITE_RECURSION = YES;
				CLANG_WARN_INT_CONVERSION = YES;
				CLANG_WARN_NON_LITERAL_NULL_CONVERSION = YES;
				CLANG_WARN_OBJC_IMPLICIT_RETAIN_SELF = YES;
				CLANG_WARN_OBJC_LITERAL_CONVERSION = YES;
				CLANG_WARN_OBJC_ROOT_CLASS = YES_ERROR;
				CLANG_WARN_QUOTED_INCLUDE_IN_FRAMEWORK_HEADER = YES;
				CLANG_WARN_RANGE_LOOP_ANALYSIS = YES;
				CLANG_WARN_STRICT_PROTOTYPES = YES;
				CLANG_WARN_SUSPICIOUS_MOVE = YES;
				CLANG_WARN_UNGUARDED_AVAILABILITY = YES_AGGRESSIVE;
				CLANG_WARN_UNREACHABLE_CODE = YES;
				CLANG_WARN__DUPLICATE_METHOD_MATCH = YES;
				COPY_PHASE_STRIP = NO;
				DEBUG_INFORMATION_FORMAT = dwarf;
				ENABLE_STRICT_OBJC_MSGSEND = YES;
				ENABLE_TESTABILITY = YES;
				GCC_C_LANGUAGE_STANDARD = gnu11;
				GCC_DYNAMIC_NO_PIC = NO;
				GCC_NO_COMMON_BLOCKS = YES;
				GCC_OPTIMIZATION_LEVEL = 0;
				GCC_PREPROCESSOR_DEFINITIONS = (
					"DEBUG=1",
					"$(inherited)",
				);
				GCC_WARN_64_TO_32_BIT_CONVERSION = YES;
				GCC_WARN_ABOUT_RETURN_TYPE = YES_ERROR;
				GCC_WARN_UNDECLARED_SELECTOR = YES;
				GCC_WARN_UNINITIALIZED_AUTOS = YES_AGGRESSIVE;
				GCC_WARN_UNUSED_FUNCTION = YES;
				GCC_WARN_UNUSED_VARIABLE = YES;
				MTL_ENABLE_DEBUG_INFO = INCLUDE_SOURCE;
				MTL_FAST_MATH = YES;
				ONLY_ACTIVE_ARCH = YES;
				SWIFT_ACTIVE_COMPILATION_CONDITIONS = DEBUG;
				SWIFT_OPTIMIZATION_LEVEL = "-Onone";
			};
			name = Debug;
		};
		1A16504E2870F99000AC4DB2 /* Release */ = {
			isa = XCBuildConfiguration;
			buildSettings = {
				ALWAYS_SEARCH_USER_PATHS = NO;
				CLANG_ANALYZER_NONNULL = YES;
				CLANG_ANALYZER_NUMBER_OBJECT_CONVERSION = YES_AGGRESSIVE;
				CLANG_CXX_LANGUAGE_STANDARD = "gnu++17";
				CLANG_ENABLE_MODULES = YES;
				CLANG_ENABLE_OBJC_ARC = YES;
				CLANG_ENABLE_OBJC_WEAK = YES;
				CLANG_WARN_BLOCK_CAPTURE_AUTORELEASING = YES;
				CLANG_WARN_BOOL_CONVERSION = YES;
				CLANG_WARN_COMMA = YES;
				CLANG_WARN_CONSTANT_CONVERSION = YES;
				CLANG_WARN_DEPRECATED_OBJC_IMPLEMENTATIONS = YES;
				CLANG_WARN_DIRECT_OBJC_ISA_USAGE = YES_ERROR;
				CLANG_WARN_DOCUMENTATION_COMMENTS = YES;
				CLANG_WARN_EMPTY_BODY = YES;
				CLANG_WARN_ENUM_CONVERSION = YES;
				CLANG_WARN_INFINITE_RECURSION = YES;
				CLANG_WARN_INT_CONVERSION = YES;
				CLANG_WARN_NON_LITERAL_NULL_CONVERSION = YES;
				CLANG_WARN_OBJC_IMPLICIT_RETAIN_SELF = YES;
				CLANG_WARN_OBJC_LITERAL_CONVERSION = YES;
				CLANG_WARN_OBJC_ROOT_CLASS = YES_ERROR;
				CLANG_WARN_QUOTED_INCLUDE_IN_FRAMEWORK_HEADER = YES;
				CLANG_WARN_RANGE_LOOP_ANALYSIS = YES;
				CLANG_WARN_STRICT_PROTOTYPES = YES;
				CLANG_WARN_SUSPICIOUS_MOVE = YES;
				CLANG_WARN_UNGUARDED_AVAILABILITY = YES_AGGRESSIVE;
				CLANG_WARN_UNREACHABLE_CODE = YES;
				CLANG_WARN__DUPLICATE_METHOD_MATCH = YES;
				COPY_PHASE_STRIP = NO;
				DEBUG_INFORMATION_FORMAT = "dwarf-with-dsym";
				ENABLE_NS_ASSERTIONS = NO;
				ENABLE_STRICT_OBJC_MSGSEND = YES;
				GCC_C_LANGUAGE_STANDARD = gnu11;
				GCC_NO_COMMON_BLOCKS = YES;
				GCC_WARN_64_TO_32_BIT_CONVERSION = YES;
				GCC_WARN_ABOUT_RETURN_TYPE = YES_ERROR;
				GCC_WARN_UNDECLARED_SELECTOR = YES;
				GCC_WARN_UNINITIALIZED_AUTOS = YES_AGGRESSIVE;
				GCC_WARN_UNUSED_FUNCTION = YES;
				GCC_WARN_UNUSED_VARIABLE = YES;
				MTL_ENABLE_DEBUG_INFO = NO;
				MTL_FAST_MATH = YES;
				SWIFT_COMPILATION_MODE = wholemodule;
				SWIFT_OPTIMIZATION_LEVEL = "-O";
			};
			name = Release;
		};
		1A1650502870F99000AC4DB2 /* Debug */ = {
			isa = XCBuildConfiguration;
			buildSettings = {
				ASSETCATALOG_COMPILER_APPICON_NAME = AppIcon;
				ASSETCATALOG_COMPILER_GLOBAL_ACCENT_COLOR_NAME = AccentColor;
				CODE_SIGN_ENTITLEMENTS = SPISearch/SPISearch.entitlements;
				CODE_SIGN_STYLE = Automatic;
				CURRENT_PROJECT_VERSION = 1;
				DEVELOPMENT_ASSET_PATHS = "\"SPISearch/Preview Content\"";
				DEVELOPMENT_TEAM = BDV4VC27D3;
				ENABLE_HARDENED_RUNTIME = YES;
				ENABLE_PREVIEWS = YES;
				GENERATE_INFOPLIST_FILE = YES;
				INFOPLIST_FILE = SPISearch/Info.plist;
				"INFOPLIST_KEY_UILaunchScreen_Generation[sdk=iphoneos*]" = YES;
				"INFOPLIST_KEY_UILaunchScreen_Generation[sdk=iphonesimulator*]" = YES;
				INFOPLIST_KEY_UISupportedInterfaceOrientations_iPad = "UIInterfaceOrientationPortrait UIInterfaceOrientationPortraitUpsideDown UIInterfaceOrientationLandscapeLeft UIInterfaceOrientationLandscapeRight";
				INFOPLIST_KEY_UISupportedInterfaceOrientations_iPhone = "UIInterfaceOrientationPortrait UIInterfaceOrientationLandscapeLeft UIInterfaceOrientationLandscapeRight";
				IPHONEOS_DEPLOYMENT_TARGET = 16.0;
				LD_RUNPATH_SEARCH_PATHS = "@executable_path/Frameworks";
				"LD_RUNPATH_SEARCH_PATHS[sdk=macosx*]" = "@executable_path/../Frameworks";
				MACOSX_DEPLOYMENT_TARGET = 12.4;
				MARKETING_VERSION = 1.0;
				PRODUCT_BUNDLE_IDENTIFIER = com.rhonabwy.SPISearch;
				PRODUCT_NAME = "$(TARGET_NAME)";
				SDKROOT = auto;
				SUPPORTED_PLATFORMS = "iphoneos iphonesimulator macosx";
				SWIFT_EMIT_LOC_STRINGS = YES;
				SWIFT_VERSION = 5.0;
				TARGETED_DEVICE_FAMILY = "1,2";
			};
			name = Debug;
		};
		1A1650512870F99000AC4DB2 /* Release */ = {
			isa = XCBuildConfiguration;
			buildSettings = {
				ASSETCATALOG_COMPILER_APPICON_NAME = AppIcon;
				ASSETCATALOG_COMPILER_GLOBAL_ACCENT_COLOR_NAME = AccentColor;
				CODE_SIGN_ENTITLEMENTS = SPISearch/SPISearch.entitlements;
				CODE_SIGN_STYLE = Automatic;
				CURRENT_PROJECT_VERSION = 1;
				DEVELOPMENT_ASSET_PATHS = "\"SPISearch/Preview Content\"";
				DEVELOPMENT_TEAM = BDV4VC27D3;
				ENABLE_HARDENED_RUNTIME = YES;
				ENABLE_PREVIEWS = YES;
				GENERATE_INFOPLIST_FILE = YES;
				INFOPLIST_FILE = SPISearch/Info.plist;
				"INFOPLIST_KEY_UILaunchScreen_Generation[sdk=iphoneos*]" = YES;
				"INFOPLIST_KEY_UILaunchScreen_Generation[sdk=iphonesimulator*]" = YES;
				INFOPLIST_KEY_UISupportedInterfaceOrientations_iPad = "UIInterfaceOrientationPortrait UIInterfaceOrientationPortraitUpsideDown UIInterfaceOrientationLandscapeLeft UIInterfaceOrientationLandscapeRight";
				INFOPLIST_KEY_UISupportedInterfaceOrientations_iPhone = "UIInterfaceOrientationPortrait UIInterfaceOrientationLandscapeLeft UIInterfaceOrientationLandscapeRight";
				IPHONEOS_DEPLOYMENT_TARGET = 16.0;
				LD_RUNPATH_SEARCH_PATHS = "@executable_path/Frameworks";
				"LD_RUNPATH_SEARCH_PATHS[sdk=macosx*]" = "@executable_path/../Frameworks";
				MACOSX_DEPLOYMENT_TARGET = 12.4;
				MARKETING_VERSION = 1.0;
				PRODUCT_BUNDLE_IDENTIFIER = com.rhonabwy.SPISearch;
				PRODUCT_NAME = "$(TARGET_NAME)";
				SDKROOT = auto;
				SUPPORTED_PLATFORMS = "iphoneos iphonesimulator macosx";
				SWIFT_EMIT_LOC_STRINGS = YES;
				SWIFT_VERSION = 5.0;
				TARGETED_DEVICE_FAMILY = "1,2";
			};
			name = Release;
		};
		1AC5538428736A590050F0D6 /* Debug */ = {
			isa = XCBuildConfiguration;
			buildSettings = {
				BUNDLE_LOADER = "$(TEST_HOST)";
				CODE_SIGN_STYLE = Automatic;
				CURRENT_PROJECT_VERSION = 1;
				DEVELOPMENT_TEAM = BDV4VC27D3;
				GENERATE_INFOPLIST_FILE = YES;
				IPHONEOS_DEPLOYMENT_TARGET = 16.0;
				MACOSX_DEPLOYMENT_TARGET = 12.4;
				MARKETING_VERSION = 1.0;
				PRODUCT_BUNDLE_IDENTIFIER = com.rhonabwy.SPISearchTests;
				PRODUCT_NAME = "$(TARGET_NAME)";
				SDKROOT = auto;
				SUPPORTED_PLATFORMS = "iphoneos iphonesimulator macosx";
				SWIFT_EMIT_LOC_STRINGS = NO;
				SWIFT_VERSION = 5.0;
				TARGETED_DEVICE_FAMILY = "1,2";
				TEST_HOST = "$(BUILT_PRODUCTS_DIR)/SPISearch.app/$(BUNDLE_EXECUTABLE_FOLDER_PATH)/SPISearch";
			};
			name = Debug;
		};
		1AC5538528736A590050F0D6 /* Release */ = {
			isa = XCBuildConfiguration;
			buildSettings = {
				BUNDLE_LOADER = "$(TEST_HOST)";
				CODE_SIGN_STYLE = Automatic;
				CURRENT_PROJECT_VERSION = 1;
				DEVELOPMENT_TEAM = BDV4VC27D3;
				GENERATE_INFOPLIST_FILE = YES;
				IPHONEOS_DEPLOYMENT_TARGET = 16.0;
				MACOSX_DEPLOYMENT_TARGET = 12.4;
				MARKETING_VERSION = 1.0;
				PRODUCT_BUNDLE_IDENTIFIER = com.rhonabwy.SPISearchTests;
				PRODUCT_NAME = "$(TARGET_NAME)";
				SDKROOT = auto;
				SUPPORTED_PLATFORMS = "iphoneos iphonesimulator macosx";
				SWIFT_EMIT_LOC_STRINGS = NO;
				SWIFT_VERSION = 5.0;
				TARGETED_DEVICE_FAMILY = "1,2";
				TEST_HOST = "$(BUILT_PRODUCTS_DIR)/SPISearch.app/$(BUNDLE_EXECUTABLE_FOLDER_PATH)/SPISearch";
			};
			name = Release;
		};
/* End XCBuildConfiguration section */

/* Begin XCConfigurationList section */
		1A16503B2870F98F00AC4DB2 /* Build configuration list for PBXProject "SPISearch" */ = {
			isa = XCConfigurationList;
			buildConfigurations = (
				1A16504D2870F99000AC4DB2 /* Debug */,
				1A16504E2870F99000AC4DB2 /* Release */,
			);
			defaultConfigurationIsVisible = 0;
			defaultConfigurationName = Release;
		};
		1A16504F2870F99000AC4DB2 /* Build configuration list for PBXNativeTarget "SPISearch" */ = {
			isa = XCConfigurationList;
			buildConfigurations = (
				1A1650502870F99000AC4DB2 /* Debug */,
				1A1650512870F99000AC4DB2 /* Release */,
			);
			defaultConfigurationIsVisible = 0;
			defaultConfigurationName = Release;
		};
		1AC5538328736A590050F0D6 /* Build configuration list for PBXNativeTarget "SPISearchTests" */ = {
			isa = XCConfigurationList;
			buildConfigurations = (
				1AC5538428736A590050F0D6 /* Debug */,
				1AC5538528736A590050F0D6 /* Release */,
			);
			defaultConfigurationIsVisible = 0;
			defaultConfigurationName = Release;
		};
/* End XCConfigurationList section */

/* Begin XCRemoteSwiftPackageReference section */
		1A1650522870F9B700AC4DB2 /* XCRemoteSwiftPackageReference "SwiftSoup" */ = {
			isa = XCRemoteSwiftPackageReference;
			repositoryURL = "https://github.com/scinfu/SwiftSoup.git";
			requirement = {
				kind = upToNextMajorVersion;
				minimumVersion = 2.0.0;
			};
		};
/* End XCRemoteSwiftPackageReference section */

/* Begin XCSwiftPackageProductDependency section */
		1A1650532870F9B700AC4DB2 /* SwiftSoup */ = {
			isa = XCSwiftPackageProductDependency;
			package = 1A1650522870F9B700AC4DB2 /* XCRemoteSwiftPackageReference "SwiftSoup" */;
			productName = SwiftSoup;
		};
/* End XCSwiftPackageProductDependency section */
	};
	rootObject = 1A1650382870F98F00AC4DB2 /* Project object */;
}
